
Microsoft Visual Studio Solution File, Format Version 12.00
# Visual Studio Version 17
VisualStudioVersion = 17.0.31903.59
MinimumVisualStudioVersion = 10.0.40219.1
Project("{FAE04EC0-301F-11D3-BF4B-00C04F79EFBC}") = "Commerce.Framework.Core", "src\Commerce\Framework\Commerce.Framework.Core\Commerce.Framework.Core.csproj", "{A1B2C3D4-E5F6-7890-ABCD-EF1234567001}"
EndProject
Project("{FAE04EC0-301F-11D3-BF4B-00C04F79EFBC}") = "Commerce.Framework.Domain", "src\Commerce\Framework\Commerce.Framework.Domain\Commerce.Framework.Domain.csproj", "{A1B2C3D4-E5F6-7890-ABCD-EF1234567002}"
EndProject
Project("{FAE04EC0-301F-11D3-BF4B-00C04F79EFBC}") = "Commerce.Framework.Contracts", "src\Commerce\Framework\Commerce.Framework.Contracts\Commerce.Framework.Contracts.csproj", "{A1B2C3D4-E5F6-7890-ABCD-EF1234567003}"
EndProject
Project("{FAE04EC0-301F-11D3-BF4B-00C04F79EFBC}") = "Commerce.Framework.Application", "src\Commerce\Framework\Commerce.Framework.Application\Commerce.Framework.Application.csproj", "{A1B2C3D4-E5F6-7890-ABCD-EF1234567004}"
EndProject
Project("{FAE04EC0-301F-11D3-BF4B-00C04F79EFBC}") = "Commerce.Framework.Infrastructure", "src\Commerce\Framework\Commerce.Framework.Infrastructure\Commerce.Framework.Infrastructure.csproj", "{A1B2C3D4-E5F6-7890-ABCD-EF1234567005}"
EndProject
Project("{FAE04EC0-301F-11D3-BF4B-00C04F79EFBC}") = "Commerce.Framework.Data", "src\Commerce\Framework\Commerce.Framework.Data\Commerce.Framework.Data.csproj", "{A1B2C3D4-E5F6-7890-ABCD-EF1234567006}"
EndProject
Project("{FAE04EC0-301F-11D3-BF4B-00C04F79EFBC}") = "Commerce.Host", "src\Commerce\Host\Commerce.Host\Commerce.Host.csproj", "{A1B2C3D4-E5F6-7890-ABCD-EF1234567012}"
EndProject
Project("{FAE04EC0-301F-11D3-BF4B-00C04F79EFBC}") = "Commerce.Modules.Core", "src\Commerce\Modules\Commerce.Modules.Core\Commerce.Modules.Core.csproj", "{A1B2C3D4-E5F6-7890-ABCD-EF1234567014}"
EndProject
Project("{FAE04EC0-301F-11D3-BF4B-00C04F79EFBC}") = "Commerce.Modules.TestSupport", "tests\Commerce\Commerce.Modules.TestSupport\Commerce.Modules.TestSupport.csproj", "{A1B2C3D4-E5F6-7890-ABCD-EF1234567015}"
EndProject
Project("{FAE04EC0-301F-11D3-BF4B-00C04F79EFBC}") = "Commerce.Modules.Catalog", "src\Commerce\Modules\Catalog\Commerce.Modules.Catalog\Commerce.Modules.Catalog.csproj", "{A1B2C3D4-E5F6-7890-ABCD-EF1234567016}"
EndProject
Project("{FAE04EC0-301F-11D3-BF4B-00C04F79EFBC}") = "Commerce.Catalog.Domain", "src\Commerce\Modules\Catalog\Commerce.Catalog.Domain\Commerce.Catalog.Domain.csproj", "{A1B2C3D4-E5F6-7890-ABCD-EF1234567017}"
EndProject
Project("{FAE04EC0-301F-11D3-BF4B-00C04F79EFBC}") = "Commerce.Catalog.Contracts", "src\Commerce\Modules\Catalog\Commerce.Catalog.Contracts\Commerce.Catalog.Contracts.csproj", "{A1B2C3D4-E5F6-7890-ABCD-EF1234567018}"
EndProject
Project("{FAE04EC0-301F-11D3-BF4B-00C04F79EFBC}") = "Commerce.Catalog.Application", "src\Commerce\Modules\Catalog\Commerce.Catalog.Application\Commerce.Catalog.Application.csproj", "{A1B2C3D4-E5F6-7890-ABCD-EF1234567019}"
EndProject
Project("{FAE04EC0-301F-11D3-BF4B-00C04F79EFBC}") = "Commerce.Catalog.Infrastructure", "src\Commerce\Modules\Catalog\Commerce.Catalog.Infrastructure\Commerce.Catalog.Infrastructure.csproj", "{A1B2C3D4-E5F6-7890-ABCD-EF1234567020}"
EndProject
Project("{FAE04EC0-301F-11D3-BF4B-00C04F79EFBC}") = "Commerce.Modules.Customers", "src\Commerce\Modules\Customers\Commerce.Modules.Customers\Commerce.Modules.Customers.csproj", "{A1B2C3D4-E5F6-7890-ABCD-EF1234567021}"
EndProject
Project("{FAE04EC0-301F-11D3-BF4B-00C04F79EFBC}") = "Commerce.Customers.Domain", "src\Commerce\Modules\Customers\Commerce.Customers.Domain\Commerce.Customers.Domain.csproj", "{A1B2C3D4-E5F6-7890-ABCD-EF1234567022}"
EndProject
Project("{FAE04EC0-301F-11D3-BF4B-00C04F79EFBC}") = "Commerce.Customers.Contracts", "src\Commerce\Modules\Customers\Commerce.Customers.Contracts\Commerce.Customers.Contracts.csproj", "{A1B2C3D4-E5F6-7890-ABCD-EF1234567023}"
EndProject
Project("{FAE04EC0-301F-11D3-BF4B-00C04F79EFBC}") = "Commerce.Customers.Application", "src\Commerce\Modules\Customers\Commerce.Customers.Application\Commerce.Customers.Application.csproj", "{A1B2C3D4-E5F6-7890-ABCD-EF1234567024}"
EndProject
Project("{FAE04EC0-301F-11D3-BF4B-00C04F79EFBC}") = "Commerce.Customers.Infrastructure", "src\Commerce\Modules\Customers\Commerce.Customers.Infrastructure\Commerce.Customers.Infrastructure.csproj", "{A1B2C3D4-E5F6-7890-ABCD-EF1234567025}"
EndProject
Project("{FAE04EC0-301F-11D3-BF4B-00C04F79EFBC}") = "Commerce.Tests.Unit", "tests\Commerce\Commerce.Tests.Unit\Commerce.Tests.Unit.csproj", "{A1B2C3D4-E5F6-7890-ABCD-EF1234567010}"
EndProject
Project("{FAE04EC0-301F-11D3-BF4B-00C04F79EFBC}") = "Commerce.Tests.Architecture", "tests\Commerce\Commerce.Tests.Architecture\Commerce.Tests.Architecture.csproj", "{A1B2C3D4-E5F6-7890-ABCD-EF1234567011}"
EndProject
Project("{FAE04EC0-301F-11D3-BF4B-00C04F79EFBC}") = "Commerce.Tests.Integration", "tests\Commerce\Commerce.Tests.Integration\Commerce.Tests.Integration.csproj", "{A1B2C3D4-E5F6-7890-ABCD-EF1234567013}"
EndProject
Project("{2150E333-8FDC-42A3-9474-1A3956D46DE8}") = "src", "src", "{827E0CD3-B72D-47B6-A68D-7590B98EB39B}"
EndProject
Project("{2150E333-8FDC-42A3-9474-1A3956D46DE8}") = "Commerce", "Commerce", "{F45D0CFF-4F97-9FA9-FCF0-E02E04652613}"
EndProject
Project("{2150E333-8FDC-42A3-9474-1A3956D46DE8}") = "Modules", "Modules", "{A6AFE4A2-B47E-2324-B196-9E7EEBF11DB1}"
EndProject
Project("{2150E333-8FDC-42A3-9474-1A3956D46DE8}") = "Store", "Store", "{285C1E17-BFD6-5CE9-2790-3FFE4D3DE6C7}"
EndProject
Project("{FAE04EC0-301F-11D3-BF4B-00C04F79EFBC}") = "Commerce.Store.Domain", "src\Commerce\Modules\Store\Commerce.Store.Domain\Commerce.Store.Domain.csproj", "{45F5F137-07AA-4EEE-9A89-C7FD7F492A13}"
EndProject
Project("{FAE04EC0-301F-11D3-BF4B-00C04F79EFBC}") = "Commerce.Store.Contracts", "src\Commerce\Modules\Store\Commerce.Store.Contracts\Commerce.Store.Contracts.csproj", "{DAD31432-5B30-4A54-ADF6-C4671430CE6F}"
EndProject
Project("{FAE04EC0-301F-11D3-BF4B-00C04F79EFBC}") = "Commerce.Store.Application", "src\Commerce\Modules\Store\Commerce.Store.Application\Commerce.Store.Application.csproj", "{01E5815A-1EC2-47C1-B4C5-1BEF134A78B2}"
EndProject
Project("{FAE04EC0-301F-11D3-BF4B-00C04F79EFBC}") = "Commerce.Store.Infrastructure", "src\Commerce\Modules\Store\Commerce.Store.Infrastructure\Commerce.Store.Infrastructure.csproj", "{AF00121C-18B0-4DEF-97FC-925264057ED7}"
EndProject
Project("{FAE04EC0-301F-11D3-BF4B-00C04F79EFBC}") = "Commerce.Modules.Store", "src\Commerce\Modules\Store\Commerce.Modules.Store\Commerce.Modules.Store.csproj", "{ADEBB84D-3C6F-46B8-8F00-55739C3EA908}"
EndProject
Project("{2150E333-8FDC-42A3-9474-1A3956D46DE8}") = "Media", "Media", "{504AC104-2CE5-EB5F-9A39-423AD025698F}"
EndProject
Project("{FAE04EC0-301F-11D3-BF4B-00C04F79EFBC}") = "Commerce.Media.Domain", "src\Commerce\Modules\Media\Commerce.Media.Domain\Commerce.Media.Domain.csproj", "{A980D514-A94D-4E6A-B4D2-50533D2EA18F}"
EndProject
Project("{2150E333-8FDC-42A3-9474-1A3956D46DE8}") = "Framework", "Framework", "{275AF9B6-1CBC-D6FC-896D-84FAC197FCF9}"
EndProject
Project("{FAE04EC0-301F-11D3-BF4B-00C04F79EFBC}") = "Commerce.Media.Contracts", "src\Commerce\Modules\Media\Commerce.Media.Contracts\Commerce.Media.Contracts.csproj", "{1FF34D1B-D4A1-4289-A433-ACA7179CA132}"
EndProject
Project("{FAE04EC0-301F-11D3-BF4B-00C04F79EFBC}") = "Commerce.Media.Application", "src\Commerce\Modules\Media\Commerce.Media.Application\Commerce.Media.Application.csproj", "{69968E07-FB1A-406F-B7C1-EEE64C3D900C}"
EndProject
Project("{FAE04EC0-301F-11D3-BF4B-00C04F79EFBC}") = "Commerce.Media.Infrastructure", "src\Commerce\Modules\Media\Commerce.Media.Infrastructure\Commerce.Media.Infrastructure.csproj", "{55EA3727-9A74-49DF-8F9B-60A91EB86BC6}"
EndProject
Project("{FAE04EC0-301F-11D3-BF4B-00C04F79EFBC}") = "Commerce.Modules.Media", "src\Commerce\Modules\Media\Commerce.Modules.Media\Commerce.Modules.Media.csproj", "{7A074015-18EF-4B9F-AB59-D7D5716F1480}"
EndProject
Project("{2150E333-8FDC-42A3-9474-1A3956D46DE8}") = "Cart", "Cart", "{CBA1287E-9F1B-AAD1-22BD-FA6BE327F9FC}"
EndProject
Project("{FAE04EC0-301F-11D3-BF4B-00C04F79EFBC}") = "Commerce.Cart.Domain", "src\Commerce\Modules\Cart\Commerce.Cart.Domain\Commerce.Cart.Domain.csproj", "{31B2E45D-C172-46BE-BDEE-6986036521D1}"
EndProject
Project("{FAE04EC0-301F-11D3-BF4B-00C04F79EFBC}") = "Commerce.Cart.Contracts", "src\Commerce\Modules\Cart\Commerce.Cart.Contracts\Commerce.Cart.Contracts.csproj", "{07C5C0C0-46AA-46A9-86F3-5276D34A0E86}"
EndProject
Project("{FAE04EC0-301F-11D3-BF4B-00C04F79EFBC}") = "Commerce.Cart.Application", "src\Commerce\Modules\Cart\Commerce.Cart.Application\Commerce.Cart.Application.csproj", "{9F9F9970-30E3-46A5-A1CC-D775AA974C75}"
EndProject
Project("{2150E333-8FDC-42A3-9474-1A3956D46DE8}") = "Catalog", "Catalog", "{CF4E2EC8-96E5-E1C1-A833-F2C690BC4B53}"
EndProject
Project("{2150E333-8FDC-42A3-9474-1A3956D46DE8}") = "Customers", "Customers", "{81FA6142-1D70-26DE-4445-CE70B60580B7}"
EndProject
Project("{FAE04EC0-301F-11D3-BF4B-00C04F79EFBC}") = "Commerce.Cart.Infrastructure", "src\Commerce\Modules\Cart\Commerce.Cart.Infrastructure\Commerce.Cart.Infrastructure.csproj", "{519477FD-1EFC-4E4C-95E6-16D00F29E8B3}"
EndProject
Project("{FAE04EC0-301F-11D3-BF4B-00C04F79EFBC}") = "Commerce.Modules.Cart", "src\Commerce\Modules\Cart\Commerce.Modules.Cart\Commerce.Modules.Cart.csproj", "{D8FDD4F8-79D0-49A2-BC87-80DD8ED09826}"
EndProject
Project("{2150E333-8FDC-42A3-9474-1A3956D46DE8}") = "Checkout", "Checkout", "{6F157C5F-35AC-5C31-96C8-F606FE2341CF}"
EndProject
Project("{FAE04EC0-301F-11D3-BF4B-00C04F79EFBC}") = "Commerce.Checkout.Domain", "src\Commerce\Modules\Checkout\Commerce.Checkout.Domain\Commerce.Checkout.Domain.csproj", "{61F33391-C2F7-4ABC-8DE7-25D106CDDD69}"
EndProject
Project("{FAE04EC0-301F-11D3-BF4B-00C04F79EFBC}") = "Commerce.Checkout.Contracts", "src\Commerce\Modules\Checkout\Commerce.Checkout.Contracts\Commerce.Checkout.Contracts.csproj", "{002A963F-367C-4D13-A6B9-BB1ACBCE3C9E}"
EndProject
Project("{FAE04EC0-301F-11D3-BF4B-00C04F79EFBC}") = "Commerce.Checkout.Application", "src\Commerce\Modules\Checkout\Commerce.Checkout.Application\Commerce.Checkout.Application.csproj", "{3E30F16B-896F-4007-B41E-BCBE013B1031}"
EndProject
Project("{FAE04EC0-301F-11D3-BF4B-00C04F79EFBC}") = "Commerce.Checkout.Infrastructure", "src\Commerce\Modules\Checkout\Commerce.Checkout.Infrastructure\Commerce.Checkout.Infrastructure.csproj", "{CB511509-E167-41A9-A34E-CFBC7A0A5934}"
EndProject
Project("{FAE04EC0-301F-11D3-BF4B-00C04F79EFBC}") = "Commerce.Modules.Checkout", "src\Commerce\Modules\Checkout\Commerce.Modules.Checkout\Commerce.Modules.Checkout.csproj", "{AECB4130-A843-42A2-B4D3-89227E296F46}"
EndProject
Project("{2150E333-8FDC-42A3-9474-1A3956D46DE8}") = "Orders", "Orders", "{2EDC44A6-189B-5954-5D4A-679E99E1C0A0}"
EndProject
Project("{FAE04EC0-301F-11D3-BF4B-00C04F79EFBC}") = "Commerce.Orders.Domain", "src\Commerce\Modules\Orders\Commerce.Orders.Domain\Commerce.Orders.Domain.csproj", "{18D51E45-E83D-4138-834C-FB3D8BF98433}"
EndProject
Project("{FAE04EC0-301F-11D3-BF4B-00C04F79EFBC}") = "Commerce.Orders.Contracts", "src\Commerce\Modules\Orders\Commerce.Orders.Contracts\Commerce.Orders.Contracts.csproj", "{99128D02-1395-441F-A2B0-7E61244847B5}"
EndProject
Project("{FAE04EC0-301F-11D3-BF4B-00C04F79EFBC}") = "Commerce.Orders.Application", "src\Commerce\Modules\Orders\Commerce.Orders.Application\Commerce.Orders.Application.csproj", "{D04B09E5-126C-4158-A7CD-8A56DF1B6C18}"
EndProject
Project("{FAE04EC0-301F-11D3-BF4B-00C04F79EFBC}") = "Commerce.Orders.Infrastructure", "src\Commerce\Modules\Orders\Commerce.Orders.Infrastructure\Commerce.Orders.Infrastructure.csproj", "{33D88EC9-2F87-46DF-B005-337566654B66}"
EndProject
Project("{FAE04EC0-301F-11D3-BF4B-00C04F79EFBC}") = "Commerce.Modules.Orders", "src\Commerce\Modules\Orders\Commerce.Modules.Orders\Commerce.Modules.Orders.csproj", "{B279B14D-3179-420A-A03F-890F82B0EC05}"
EndProject
Project("{2150E333-8FDC-42A3-9474-1A3956D46DE8}") = "Inventory", "Inventory", "{B2828CBE-B650-5260-A690-84C23C3DAA50}"
EndProject
Project("{FAE04EC0-301F-11D3-BF4B-00C04F79EFBC}") = "Commerce.Inventory.Domain", "src\Commerce\Modules\Inventory\Commerce.Inventory.Domain\Commerce.Inventory.Domain.csproj", "{5F85287A-7D17-4FD4-AE4B-C5AAC7A95A76}"
EndProject
Project("{FAE04EC0-301F-11D3-BF4B-00C04F79EFBC}") = "Commerce.Inventory.Contracts", "src\Commerce\Modules\Inventory\Commerce.Inventory.Contracts\Commerce.Inventory.Contracts.csproj", "{7F56545A-121E-4536-ABFF-0A2E58172BF3}"
EndProject
Project("{FAE04EC0-301F-11D3-BF4B-00C04F79EFBC}") = "Commerce.Inventory.Application", "src\Commerce\Modules\Inventory\Commerce.Inventory.Application\Commerce.Inventory.Application.csproj", "{CE2E25C3-1EC3-4973-8461-1F3FA2DF0ED5}"
EndProject
Project("{FAE04EC0-301F-11D3-BF4B-00C04F79EFBC}") = "Commerce.Inventory.Infrastructure", "src\Commerce\Modules\Inventory\Commerce.Inventory.Infrastructure\Commerce.Inventory.Infrastructure.csproj", "{113D3136-9651-489C-9B02-608C742816F4}"
EndProject
Project("{FAE04EC0-301F-11D3-BF4B-00C04F79EFBC}") = "Commerce.Modules.Inventory", "src\Commerce\Modules\Inventory\Commerce.Modules.Inventory\Commerce.Modules.Inventory.csproj", "{3F7A8C06-9933-455F-8D69-B809C5AB06BB}"
EndProject
Global
	GlobalSection(SolutionConfigurationPlatforms) = preSolution
		Debug|Any CPU = Debug|Any CPU
		Debug|x64 = Debug|x64
		Debug|x86 = Debug|x86
		Release|Any CPU = Release|Any CPU
		Release|x64 = Release|x64
		Release|x86 = Release|x86
	EndGlobalSection
	GlobalSection(ProjectConfigurationPlatforms) = postSolution
		{A1B2C3D4-E5F6-7890-ABCD-EF1234567001}.Debug|Any CPU.ActiveCfg = Debug|Any CPU
		{A1B2C3D4-E5F6-7890-ABCD-EF1234567001}.Debug|Any CPU.Build.0 = Debug|Any CPU
		{A1B2C3D4-E5F6-7890-ABCD-EF1234567001}.Debug|x64.ActiveCfg = Debug|Any CPU
		{A1B2C3D4-E5F6-7890-ABCD-EF1234567001}.Debug|x64.Build.0 = Debug|Any CPU
		{A1B2C3D4-E5F6-7890-ABCD-EF1234567001}.Debug|x86.ActiveCfg = Debug|Any CPU
		{A1B2C3D4-E5F6-7890-ABCD-EF1234567001}.Debug|x86.Build.0 = Debug|Any CPU
		{A1B2C3D4-E5F6-7890-ABCD-EF1234567001}.Release|Any CPU.ActiveCfg = Release|Any CPU
		{A1B2C3D4-E5F6-7890-ABCD-EF1234567001}.Release|Any CPU.Build.0 = Release|Any CPU
		{A1B2C3D4-E5F6-7890-ABCD-EF1234567001}.Release|x64.ActiveCfg = Release|Any CPU
		{A1B2C3D4-E5F6-7890-ABCD-EF1234567001}.Release|x64.Build.0 = Release|Any CPU
		{A1B2C3D4-E5F6-7890-ABCD-EF1234567001}.Release|x86.ActiveCfg = Release|Any CPU
		{A1B2C3D4-E5F6-7890-ABCD-EF1234567001}.Release|x86.Build.0 = Release|Any CPU
		{A1B2C3D4-E5F6-7890-ABCD-EF1234567002}.Debug|Any CPU.ActiveCfg = Debug|Any CPU
		{A1B2C3D4-E5F6-7890-ABCD-EF1234567002}.Debug|Any CPU.Build.0 = Debug|Any CPU
		{A1B2C3D4-E5F6-7890-ABCD-EF1234567002}.Debug|x64.ActiveCfg = Debug|Any CPU
		{A1B2C3D4-E5F6-7890-ABCD-EF1234567002}.Debug|x64.Build.0 = Debug|Any CPU
		{A1B2C3D4-E5F6-7890-ABCD-EF1234567002}.Debug|x86.ActiveCfg = Debug|Any CPU
		{A1B2C3D4-E5F6-7890-ABCD-EF1234567002}.Debug|x86.Build.0 = Debug|Any CPU
		{A1B2C3D4-E5F6-7890-ABCD-EF1234567002}.Release|Any CPU.ActiveCfg = Release|Any CPU
		{A1B2C3D4-E5F6-7890-ABCD-EF1234567002}.Release|Any CPU.Build.0 = Release|Any CPU
		{A1B2C3D4-E5F6-7890-ABCD-EF1234567002}.Release|x64.ActiveCfg = Release|Any CPU
		{A1B2C3D4-E5F6-7890-ABCD-EF1234567002}.Release|x64.Build.0 = Release|Any CPU
		{A1B2C3D4-E5F6-7890-ABCD-EF1234567002}.Release|x86.ActiveCfg = Release|Any CPU
		{A1B2C3D4-E5F6-7890-ABCD-EF1234567002}.Release|x86.Build.0 = Release|Any CPU
		{A1B2C3D4-E5F6-7890-ABCD-EF1234567003}.Debug|Any CPU.ActiveCfg = Debug|Any CPU
		{A1B2C3D4-E5F6-7890-ABCD-EF1234567003}.Debug|Any CPU.Build.0 = Debug|Any CPU
		{A1B2C3D4-E5F6-7890-ABCD-EF1234567003}.Debug|x64.ActiveCfg = Debug|Any CPU
		{A1B2C3D4-E5F6-7890-ABCD-EF1234567003}.Debug|x64.Build.0 = Debug|Any CPU
		{A1B2C3D4-E5F6-7890-ABCD-EF1234567003}.Debug|x86.ActiveCfg = Debug|Any CPU
		{A1B2C3D4-E5F6-7890-ABCD-EF1234567003}.Debug|x86.Build.0 = Debug|Any CPU
		{A1B2C3D4-E5F6-7890-ABCD-EF1234567003}.Release|Any CPU.ActiveCfg = Release|Any CPU
		{A1B2C3D4-E5F6-7890-ABCD-EF1234567003}.Release|Any CPU.Build.0 = Release|Any CPU
		{A1B2C3D4-E5F6-7890-ABCD-EF1234567003}.Release|x64.ActiveCfg = Release|Any CPU
		{A1B2C3D4-E5F6-7890-ABCD-EF1234567003}.Release|x64.Build.0 = Release|Any CPU
		{A1B2C3D4-E5F6-7890-ABCD-EF1234567003}.Release|x86.ActiveCfg = Release|Any CPU
		{A1B2C3D4-E5F6-7890-ABCD-EF1234567003}.Release|x86.Build.0 = Release|Any CPU
		{A1B2C3D4-E5F6-7890-ABCD-EF1234567004}.Debug|Any CPU.ActiveCfg = Debug|Any CPU
		{A1B2C3D4-E5F6-7890-ABCD-EF1234567004}.Debug|Any CPU.Build.0 = Debug|Any CPU
		{A1B2C3D4-E5F6-7890-ABCD-EF1234567004}.Debug|x64.ActiveCfg = Debug|Any CPU
		{A1B2C3D4-E5F6-7890-ABCD-EF1234567004}.Debug|x64.Build.0 = Debug|Any CPU
		{A1B2C3D4-E5F6-7890-ABCD-EF1234567004}.Debug|x86.ActiveCfg = Debug|Any CPU
		{A1B2C3D4-E5F6-7890-ABCD-EF1234567004}.Debug|x86.Build.0 = Debug|Any CPU
		{A1B2C3D4-E5F6-7890-ABCD-EF1234567004}.Release|Any CPU.ActiveCfg = Release|Any CPU
		{A1B2C3D4-E5F6-7890-ABCD-EF1234567004}.Release|Any CPU.Build.0 = Release|Any CPU
		{A1B2C3D4-E5F6-7890-ABCD-EF1234567004}.Release|x64.ActiveCfg = Release|Any CPU
		{A1B2C3D4-E5F6-7890-ABCD-EF1234567004}.Release|x64.Build.0 = Release|Any CPU
		{A1B2C3D4-E5F6-7890-ABCD-EF1234567004}.Release|x86.ActiveCfg = Release|Any CPU
		{A1B2C3D4-E5F6-7890-ABCD-EF1234567004}.Release|x86.Build.0 = Release|Any CPU
		{A1B2C3D4-E5F6-7890-ABCD-EF1234567005}.Debug|Any CPU.ActiveCfg = Debug|Any CPU
		{A1B2C3D4-E5F6-7890-ABCD-EF1234567005}.Debug|Any CPU.Build.0 = Debug|Any CPU
		{A1B2C3D4-E5F6-7890-ABCD-EF1234567005}.Debug|x64.ActiveCfg = Debug|Any CPU
		{A1B2C3D4-E5F6-7890-ABCD-EF1234567005}.Debug|x64.Build.0 = Debug|Any CPU
		{A1B2C3D4-E5F6-7890-ABCD-EF1234567005}.Debug|x86.ActiveCfg = Debug|Any CPU
		{A1B2C3D4-E5F6-7890-ABCD-EF1234567005}.Debug|x86.Build.0 = Debug|Any CPU
		{A1B2C3D4-E5F6-7890-ABCD-EF1234567005}.Release|Any CPU.ActiveCfg = Release|Any CPU
		{A1B2C3D4-E5F6-7890-ABCD-EF1234567005}.Release|Any CPU.Build.0 = Release|Any CPU
		{A1B2C3D4-E5F6-7890-ABCD-EF1234567005}.Release|x64.ActiveCfg = Release|Any CPU
		{A1B2C3D4-E5F6-7890-ABCD-EF1234567005}.Release|x64.Build.0 = Release|Any CPU
		{A1B2C3D4-E5F6-7890-ABCD-EF1234567005}.Release|x86.ActiveCfg = Release|Any CPU
		{A1B2C3D4-E5F6-7890-ABCD-EF1234567005}.Release|x86.Build.0 = Release|Any CPU
		{A1B2C3D4-E5F6-7890-ABCD-EF1234567006}.Debug|Any CPU.ActiveCfg = Debug|Any CPU
		{A1B2C3D4-E5F6-7890-ABCD-EF1234567006}.Debug|Any CPU.Build.0 = Debug|Any CPU
		{A1B2C3D4-E5F6-7890-ABCD-EF1234567006}.Debug|x64.ActiveCfg = Debug|Any CPU
		{A1B2C3D4-E5F6-7890-ABCD-EF1234567006}.Debug|x64.Build.0 = Debug|Any CPU
		{A1B2C3D4-E5F6-7890-ABCD-EF1234567006}.Debug|x86.ActiveCfg = Debug|Any CPU
		{A1B2C3D4-E5F6-7890-ABCD-EF1234567006}.Debug|x86.Build.0 = Debug|Any CPU
		{A1B2C3D4-E5F6-7890-ABCD-EF1234567006}.Release|Any CPU.ActiveCfg = Release|Any CPU
		{A1B2C3D4-E5F6-7890-ABCD-EF1234567006}.Release|Any CPU.Build.0 = Release|Any CPU
		{A1B2C3D4-E5F6-7890-ABCD-EF1234567006}.Release|x64.ActiveCfg = Release|Any CPU
		{A1B2C3D4-E5F6-7890-ABCD-EF1234567006}.Release|x64.Build.0 = Release|Any CPU
		{A1B2C3D4-E5F6-7890-ABCD-EF1234567006}.Release|x86.ActiveCfg = Release|Any CPU
		{A1B2C3D4-E5F6-7890-ABCD-EF1234567006}.Release|x86.Build.0 = Release|Any CPU
		{A1B2C3D4-E5F6-7890-ABCD-EF1234567012}.Debug|Any CPU.ActiveCfg = Debug|Any CPU
		{A1B2C3D4-E5F6-7890-ABCD-EF1234567012}.Debug|Any CPU.Build.0 = Debug|Any CPU
		{A1B2C3D4-E5F6-7890-ABCD-EF1234567012}.Debug|x64.ActiveCfg = Debug|Any CPU
		{A1B2C3D4-E5F6-7890-ABCD-EF1234567012}.Debug|x64.Build.0 = Debug|Any CPU
		{A1B2C3D4-E5F6-7890-ABCD-EF1234567012}.Debug|x86.ActiveCfg = Debug|Any CPU
		{A1B2C3D4-E5F6-7890-ABCD-EF1234567012}.Debug|x86.Build.0 = Debug|Any CPU
		{A1B2C3D4-E5F6-7890-ABCD-EF1234567012}.Release|Any CPU.ActiveCfg = Release|Any CPU
		{A1B2C3D4-E5F6-7890-ABCD-EF1234567012}.Release|Any CPU.Build.0 = Release|Any CPU
		{A1B2C3D4-E5F6-7890-ABCD-EF1234567012}.Release|x64.ActiveCfg = Release|Any CPU
		{A1B2C3D4-E5F6-7890-ABCD-EF1234567012}.Release|x64.Build.0 = Release|Any CPU
		{A1B2C3D4-E5F6-7890-ABCD-EF1234567012}.Release|x86.ActiveCfg = Release|Any CPU
		{A1B2C3D4-E5F6-7890-ABCD-EF1234567012}.Release|x86.Build.0 = Release|Any CPU
		{A1B2C3D4-E5F6-7890-ABCD-EF1234567014}.Debug|Any CPU.ActiveCfg = Debug|Any CPU
		{A1B2C3D4-E5F6-7890-ABCD-EF1234567014}.Debug|Any CPU.Build.0 = Debug|Any CPU
		{A1B2C3D4-E5F6-7890-ABCD-EF1234567014}.Debug|x64.ActiveCfg = Debug|Any CPU
		{A1B2C3D4-E5F6-7890-ABCD-EF1234567014}.Debug|x64.Build.0 = Debug|Any CPU
		{A1B2C3D4-E5F6-7890-ABCD-EF1234567014}.Debug|x86.ActiveCfg = Debug|Any CPU
		{A1B2C3D4-E5F6-7890-ABCD-EF1234567014}.Debug|x86.Build.0 = Debug|Any CPU
		{A1B2C3D4-E5F6-7890-ABCD-EF1234567014}.Release|Any CPU.ActiveCfg = Release|Any CPU
		{A1B2C3D4-E5F6-7890-ABCD-EF1234567014}.Release|Any CPU.Build.0 = Release|Any CPU
		{A1B2C3D4-E5F6-7890-ABCD-EF1234567014}.Release|x64.ActiveCfg = Release|Any CPU
		{A1B2C3D4-E5F6-7890-ABCD-EF1234567014}.Release|x64.Build.0 = Release|Any CPU
		{A1B2C3D4-E5F6-7890-ABCD-EF1234567014}.Release|x86.ActiveCfg = Release|Any CPU
		{A1B2C3D4-E5F6-7890-ABCD-EF1234567014}.Release|x86.Build.0 = Release|Any CPU
		{A1B2C3D4-E5F6-7890-ABCD-EF1234567015}.Debug|Any CPU.ActiveCfg = Debug|Any CPU
		{A1B2C3D4-E5F6-7890-ABCD-EF1234567015}.Debug|Any CPU.Build.0 = Debug|Any CPU
		{A1B2C3D4-E5F6-7890-ABCD-EF1234567015}.Debug|x64.ActiveCfg = Debug|Any CPU
		{A1B2C3D4-E5F6-7890-ABCD-EF1234567015}.Debug|x64.Build.0 = Debug|Any CPU
		{A1B2C3D4-E5F6-7890-ABCD-EF1234567015}.Debug|x86.ActiveCfg = Debug|Any CPU
		{A1B2C3D4-E5F6-7890-ABCD-EF1234567015}.Debug|x86.Build.0 = Debug|Any CPU
		{A1B2C3D4-E5F6-7890-ABCD-EF1234567015}.Release|Any CPU.ActiveCfg = Release|Any CPU
		{A1B2C3D4-E5F6-7890-ABCD-EF1234567015}.Release|Any CPU.Build.0 = Release|Any CPU
		{A1B2C3D4-E5F6-7890-ABCD-EF1234567015}.Release|x64.ActiveCfg = Release|Any CPU
		{A1B2C3D4-E5F6-7890-ABCD-EF1234567015}.Release|x64.Build.0 = Release|Any CPU
		{A1B2C3D4-E5F6-7890-ABCD-EF1234567015}.Release|x86.ActiveCfg = Release|Any CPU
		{A1B2C3D4-E5F6-7890-ABCD-EF1234567015}.Release|x86.Build.0 = Release|Any CPU
		{A1B2C3D4-E5F6-7890-ABCD-EF1234567016}.Debug|Any CPU.ActiveCfg = Debug|Any CPU
		{A1B2C3D4-E5F6-7890-ABCD-EF1234567016}.Debug|Any CPU.Build.0 = Debug|Any CPU
		{A1B2C3D4-E5F6-7890-ABCD-EF1234567016}.Debug|x64.ActiveCfg = Debug|Any CPU
		{A1B2C3D4-E5F6-7890-ABCD-EF1234567016}.Debug|x64.Build.0 = Debug|Any CPU
		{A1B2C3D4-E5F6-7890-ABCD-EF1234567016}.Debug|x86.ActiveCfg = Debug|Any CPU
		{A1B2C3D4-E5F6-7890-ABCD-EF1234567016}.Debug|x86.Build.0 = Debug|Any CPU
		{A1B2C3D4-E5F6-7890-ABCD-EF1234567016}.Release|Any CPU.ActiveCfg = Release|Any CPU
		{A1B2C3D4-E5F6-7890-ABCD-EF1234567016}.Release|Any CPU.Build.0 = Release|Any CPU
		{A1B2C3D4-E5F6-7890-ABCD-EF1234567016}.Release|x64.ActiveCfg = Release|Any CPU
		{A1B2C3D4-E5F6-7890-ABCD-EF1234567016}.Release|x64.Build.0 = Release|Any CPU
		{A1B2C3D4-E5F6-7890-ABCD-EF1234567016}.Release|x86.ActiveCfg = Release|Any CPU
		{A1B2C3D4-E5F6-7890-ABCD-EF1234567016}.Release|x86.Build.0 = Release|Any CPU
		{A1B2C3D4-E5F6-7890-ABCD-EF1234567017}.Debug|Any CPU.ActiveCfg = Debug|Any CPU
		{A1B2C3D4-E5F6-7890-ABCD-EF1234567017}.Debug|Any CPU.Build.0 = Debug|Any CPU
		{A1B2C3D4-E5F6-7890-ABCD-EF1234567017}.Debug|x64.ActiveCfg = Debug|Any CPU
		{A1B2C3D4-E5F6-7890-ABCD-EF1234567017}.Debug|x64.Build.0 = Debug|Any CPU
		{A1B2C3D4-E5F6-7890-ABCD-EF1234567017}.Debug|x86.ActiveCfg = Debug|Any CPU
		{A1B2C3D4-E5F6-7890-ABCD-EF1234567017}.Debug|x86.Build.0 = Debug|Any CPU
		{A1B2C3D4-E5F6-7890-ABCD-EF1234567017}.Release|Any CPU.ActiveCfg = Release|Any CPU
		{A1B2C3D4-E5F6-7890-ABCD-EF1234567017}.Release|Any CPU.Build.0 = Release|Any CPU
		{A1B2C3D4-E5F6-7890-ABCD-EF1234567017}.Release|x64.ActiveCfg = Release|Any CPU
		{A1B2C3D4-E5F6-7890-ABCD-EF1234567017}.Release|x64.Build.0 = Release|Any CPU
		{A1B2C3D4-E5F6-7890-ABCD-EF1234567017}.Release|x86.ActiveCfg = Release|Any CPU
		{A1B2C3D4-E5F6-7890-ABCD-EF1234567017}.Release|x86.Build.0 = Release|Any CPU
		{A1B2C3D4-E5F6-7890-ABCD-EF1234567018}.Debug|Any CPU.ActiveCfg = Debug|Any CPU
		{A1B2C3D4-E5F6-7890-ABCD-EF1234567018}.Debug|Any CPU.Build.0 = Debug|Any CPU
		{A1B2C3D4-E5F6-7890-ABCD-EF1234567018}.Debug|x64.ActiveCfg = Debug|Any CPU
		{A1B2C3D4-E5F6-7890-ABCD-EF1234567018}.Debug|x64.Build.0 = Debug|Any CPU
		{A1B2C3D4-E5F6-7890-ABCD-EF1234567018}.Debug|x86.ActiveCfg = Debug|Any CPU
		{A1B2C3D4-E5F6-7890-ABCD-EF1234567018}.Debug|x86.Build.0 = Debug|Any CPU
		{A1B2C3D4-E5F6-7890-ABCD-EF1234567018}.Release|Any CPU.ActiveCfg = Release|Any CPU
		{A1B2C3D4-E5F6-7890-ABCD-EF1234567018}.Release|Any CPU.Build.0 = Release|Any CPU
		{A1B2C3D4-E5F6-7890-ABCD-EF1234567018}.Release|x64.ActiveCfg = Release|Any CPU
		{A1B2C3D4-E5F6-7890-ABCD-EF1234567018}.Release|x64.Build.0 = Release|Any CPU
		{A1B2C3D4-E5F6-7890-ABCD-EF1234567018}.Release|x86.ActiveCfg = Release|Any CPU
		{A1B2C3D4-E5F6-7890-ABCD-EF1234567018}.Release|x86.Build.0 = Release|Any CPU
		{A1B2C3D4-E5F6-7890-ABCD-EF1234567019}.Debug|Any CPU.ActiveCfg = Debug|Any CPU
		{A1B2C3D4-E5F6-7890-ABCD-EF1234567019}.Debug|Any CPU.Build.0 = Debug|Any CPU
		{A1B2C3D4-E5F6-7890-ABCD-EF1234567019}.Debug|x64.ActiveCfg = Debug|Any CPU
		{A1B2C3D4-E5F6-7890-ABCD-EF1234567019}.Debug|x64.Build.0 = Debug|Any CPU
		{A1B2C3D4-E5F6-7890-ABCD-EF1234567019}.Debug|x86.ActiveCfg = Debug|Any CPU
		{A1B2C3D4-E5F6-7890-ABCD-EF1234567019}.Debug|x86.Build.0 = Debug|Any CPU
		{A1B2C3D4-E5F6-7890-ABCD-EF1234567019}.Release|Any CPU.ActiveCfg = Release|Any CPU
		{A1B2C3D4-E5F6-7890-ABCD-EF1234567019}.Release|Any CPU.Build.0 = Release|Any CPU
		{A1B2C3D4-E5F6-7890-ABCD-EF1234567019}.Release|x64.ActiveCfg = Release|Any CPU
		{A1B2C3D4-E5F6-7890-ABCD-EF1234567019}.Release|x64.Build.0 = Release|Any CPU
		{A1B2C3D4-E5F6-7890-ABCD-EF1234567019}.Release|x86.ActiveCfg = Release|Any CPU
		{A1B2C3D4-E5F6-7890-ABCD-EF1234567019}.Release|x86.Build.0 = Release|Any CPU
		{A1B2C3D4-E5F6-7890-ABCD-EF1234567020}.Debug|Any CPU.ActiveCfg = Debug|Any CPU
		{A1B2C3D4-E5F6-7890-ABCD-EF1234567020}.Debug|Any CPU.Build.0 = Debug|Any CPU
		{A1B2C3D4-E5F6-7890-ABCD-EF1234567020}.Debug|x64.ActiveCfg = Debug|Any CPU
		{A1B2C3D4-E5F6-7890-ABCD-EF1234567020}.Debug|x64.Build.0 = Debug|Any CPU
		{A1B2C3D4-E5F6-7890-ABCD-EF1234567020}.Debug|x86.ActiveCfg = Debug|Any CPU
		{A1B2C3D4-E5F6-7890-ABCD-EF1234567020}.Debug|x86.Build.0 = Debug|Any CPU
		{A1B2C3D4-E5F6-7890-ABCD-EF1234567020}.Release|Any CPU.ActiveCfg = Release|Any CPU
		{A1B2C3D4-E5F6-7890-ABCD-EF1234567020}.Release|Any CPU.Build.0 = Release|Any CPU
		{A1B2C3D4-E5F6-7890-ABCD-EF1234567020}.Release|x64.ActiveCfg = Release|Any CPU
		{A1B2C3D4-E5F6-7890-ABCD-EF1234567020}.Release|x64.Build.0 = Release|Any CPU
		{A1B2C3D4-E5F6-7890-ABCD-EF1234567020}.Release|x86.ActiveCfg = Release|Any CPU
		{A1B2C3D4-E5F6-7890-ABCD-EF1234567020}.Release|x86.Build.0 = Release|Any CPU
		{A1B2C3D4-E5F6-7890-ABCD-EF1234567021}.Debug|Any CPU.ActiveCfg = Debug|Any CPU
		{A1B2C3D4-E5F6-7890-ABCD-EF1234567021}.Debug|Any CPU.Build.0 = Debug|Any CPU
		{A1B2C3D4-E5F6-7890-ABCD-EF1234567021}.Debug|x64.ActiveCfg = Debug|Any CPU
		{A1B2C3D4-E5F6-7890-ABCD-EF1234567021}.Debug|x64.Build.0 = Debug|Any CPU
		{A1B2C3D4-E5F6-7890-ABCD-EF1234567021}.Debug|x86.ActiveCfg = Debug|Any CPU
		{A1B2C3D4-E5F6-7890-ABCD-EF1234567021}.Debug|x86.Build.0 = Debug|Any CPU
		{A1B2C3D4-E5F6-7890-ABCD-EF1234567021}.Release|Any CPU.ActiveCfg = Release|Any CPU
		{A1B2C3D4-E5F6-7890-ABCD-EF1234567021}.Release|Any CPU.Build.0 = Release|Any CPU
		{A1B2C3D4-E5F6-7890-ABCD-EF1234567021}.Release|x64.ActiveCfg = Release|Any CPU
		{A1B2C3D4-E5F6-7890-ABCD-EF1234567021}.Release|x64.Build.0 = Release|Any CPU
		{A1B2C3D4-E5F6-7890-ABCD-EF1234567021}.Release|x86.ActiveCfg = Release|Any CPU
		{A1B2C3D4-E5F6-7890-ABCD-EF1234567021}.Release|x86.Build.0 = Release|Any CPU
		{A1B2C3D4-E5F6-7890-ABCD-EF1234567022}.Debug|Any CPU.ActiveCfg = Debug|Any CPU
		{A1B2C3D4-E5F6-7890-ABCD-EF1234567022}.Debug|Any CPU.Build.0 = Debug|Any CPU
		{A1B2C3D4-E5F6-7890-ABCD-EF1234567022}.Debug|x64.ActiveCfg = Debug|Any CPU
		{A1B2C3D4-E5F6-7890-ABCD-EF1234567022}.Debug|x64.Build.0 = Debug|Any CPU
		{A1B2C3D4-E5F6-7890-ABCD-EF1234567022}.Debug|x86.ActiveCfg = Debug|Any CPU
		{A1B2C3D4-E5F6-7890-ABCD-EF1234567022}.Debug|x86.Build.0 = Debug|Any CPU
		{A1B2C3D4-E5F6-7890-ABCD-EF1234567022}.Release|Any CPU.ActiveCfg = Release|Any CPU
		{A1B2C3D4-E5F6-7890-ABCD-EF1234567022}.Release|Any CPU.Build.0 = Release|Any CPU
		{A1B2C3D4-E5F6-7890-ABCD-EF1234567022}.Release|x64.ActiveCfg = Release|Any CPU
		{A1B2C3D4-E5F6-7890-ABCD-EF1234567022}.Release|x64.Build.0 = Release|Any CPU
		{A1B2C3D4-E5F6-7890-ABCD-EF1234567022}.Release|x86.ActiveCfg = Release|Any CPU
		{A1B2C3D4-E5F6-7890-ABCD-EF1234567022}.Release|x86.Build.0 = Release|Any CPU
		{A1B2C3D4-E5F6-7890-ABCD-EF1234567023}.Debug|Any CPU.ActiveCfg = Debug|Any CPU
		{A1B2C3D4-E5F6-7890-ABCD-EF1234567023}.Debug|Any CPU.Build.0 = Debug|Any CPU
		{A1B2C3D4-E5F6-7890-ABCD-EF1234567023}.Debug|x64.ActiveCfg = Debug|Any CPU
		{A1B2C3D4-E5F6-7890-ABCD-EF1234567023}.Debug|x64.Build.0 = Debug|Any CPU
		{A1B2C3D4-E5F6-7890-ABCD-EF1234567023}.Debug|x86.ActiveCfg = Debug|Any CPU
		{A1B2C3D4-E5F6-7890-ABCD-EF1234567023}.Debug|x86.Build.0 = Debug|Any CPU
		{A1B2C3D4-E5F6-7890-ABCD-EF1234567023}.Release|Any CPU.ActiveCfg = Release|Any CPU
		{A1B2C3D4-E5F6-7890-ABCD-EF1234567023}.Release|Any CPU.Build.0 = Release|Any CPU
		{A1B2C3D4-E5F6-7890-ABCD-EF1234567023}.Release|x64.ActiveCfg = Release|Any CPU
		{A1B2C3D4-E5F6-7890-ABCD-EF1234567023}.Release|x64.Build.0 = Release|Any CPU
		{A1B2C3D4-E5F6-7890-ABCD-EF1234567023}.Release|x86.ActiveCfg = Release|Any CPU
		{A1B2C3D4-E5F6-7890-ABCD-EF1234567023}.Release|x86.Build.0 = Release|Any CPU
		{A1B2C3D4-E5F6-7890-ABCD-EF1234567024}.Debug|Any CPU.ActiveCfg = Debug|Any CPU
		{A1B2C3D4-E5F6-7890-ABCD-EF1234567024}.Debug|Any CPU.Build.0 = Debug|Any CPU
		{A1B2C3D4-E5F6-7890-ABCD-EF1234567024}.Debug|x64.ActiveCfg = Debug|Any CPU
		{A1B2C3D4-E5F6-7890-ABCD-EF1234567024}.Debug|x64.Build.0 = Debug|Any CPU
		{A1B2C3D4-E5F6-7890-ABCD-EF1234567024}.Debug|x86.ActiveCfg = Debug|Any CPU
		{A1B2C3D4-E5F6-7890-ABCD-EF1234567024}.Debug|x86.Build.0 = Debug|Any CPU
		{A1B2C3D4-E5F6-7890-ABCD-EF1234567024}.Release|Any CPU.ActiveCfg = Release|Any CPU
		{A1B2C3D4-E5F6-7890-ABCD-EF1234567024}.Release|Any CPU.Build.0 = Release|Any CPU
		{A1B2C3D4-E5F6-7890-ABCD-EF1234567024}.Release|x64.ActiveCfg = Release|Any CPU
		{A1B2C3D4-E5F6-7890-ABCD-EF1234567024}.Release|x64.Build.0 = Release|Any CPU
		{A1B2C3D4-E5F6-7890-ABCD-EF1234567024}.Release|x86.ActiveCfg = Release|Any CPU
		{A1B2C3D4-E5F6-7890-ABCD-EF1234567024}.Release|x86.Build.0 = Release|Any CPU
		{A1B2C3D4-E5F6-7890-ABCD-EF1234567025}.Debug|Any CPU.ActiveCfg = Debug|Any CPU
		{A1B2C3D4-E5F6-7890-ABCD-EF1234567025}.Debug|Any CPU.Build.0 = Debug|Any CPU
		{A1B2C3D4-E5F6-7890-ABCD-EF1234567025}.Debug|x64.ActiveCfg = Debug|Any CPU
		{A1B2C3D4-E5F6-7890-ABCD-EF1234567025}.Debug|x64.Build.0 = Debug|Any CPU
		{A1B2C3D4-E5F6-7890-ABCD-EF1234567025}.Debug|x86.ActiveCfg = Debug|Any CPU
		{A1B2C3D4-E5F6-7890-ABCD-EF1234567025}.Debug|x86.Build.0 = Debug|Any CPU
		{A1B2C3D4-E5F6-7890-ABCD-EF1234567025}.Release|Any CPU.ActiveCfg = Release|Any CPU
		{A1B2C3D4-E5F6-7890-ABCD-EF1234567025}.Release|Any CPU.Build.0 = Release|Any CPU
		{A1B2C3D4-E5F6-7890-ABCD-EF1234567025}.Release|x64.ActiveCfg = Release|Any CPU
		{A1B2C3D4-E5F6-7890-ABCD-EF1234567025}.Release|x64.Build.0 = Release|Any CPU
		{A1B2C3D4-E5F6-7890-ABCD-EF1234567025}.Release|x86.ActiveCfg = Release|Any CPU
		{A1B2C3D4-E5F6-7890-ABCD-EF1234567025}.Release|x86.Build.0 = Release|Any CPU
		{A1B2C3D4-E5F6-7890-ABCD-EF1234567010}.Debug|Any CPU.ActiveCfg = Debug|Any CPU
		{A1B2C3D4-E5F6-7890-ABCD-EF1234567010}.Debug|Any CPU.Build.0 = Debug|Any CPU
		{A1B2C3D4-E5F6-7890-ABCD-EF1234567010}.Debug|x64.ActiveCfg = Debug|Any CPU
		{A1B2C3D4-E5F6-7890-ABCD-EF1234567010}.Debug|x64.Build.0 = Debug|Any CPU
		{A1B2C3D4-E5F6-7890-ABCD-EF1234567010}.Debug|x86.ActiveCfg = Debug|Any CPU
		{A1B2C3D4-E5F6-7890-ABCD-EF1234567010}.Debug|x86.Build.0 = Debug|Any CPU
		{A1B2C3D4-E5F6-7890-ABCD-EF1234567010}.Release|Any CPU.ActiveCfg = Release|Any CPU
		{A1B2C3D4-E5F6-7890-ABCD-EF1234567010}.Release|Any CPU.Build.0 = Release|Any CPU
		{A1B2C3D4-E5F6-7890-ABCD-EF1234567010}.Release|x64.ActiveCfg = Release|Any CPU
		{A1B2C3D4-E5F6-7890-ABCD-EF1234567010}.Release|x64.Build.0 = Release|Any CPU
		{A1B2C3D4-E5F6-7890-ABCD-EF1234567010}.Release|x86.ActiveCfg = Release|Any CPU
		{A1B2C3D4-E5F6-7890-ABCD-EF1234567010}.Release|x86.Build.0 = Release|Any CPU
		{A1B2C3D4-E5F6-7890-ABCD-EF1234567011}.Debug|Any CPU.ActiveCfg = Debug|Any CPU
		{A1B2C3D4-E5F6-7890-ABCD-EF1234567011}.Debug|Any CPU.Build.0 = Debug|Any CPU
		{A1B2C3D4-E5F6-7890-ABCD-EF1234567011}.Debug|x64.ActiveCfg = Debug|Any CPU
		{A1B2C3D4-E5F6-7890-ABCD-EF1234567011}.Debug|x64.Build.0 = Debug|Any CPU
		{A1B2C3D4-E5F6-7890-ABCD-EF1234567011}.Debug|x86.ActiveCfg = Debug|Any CPU
		{A1B2C3D4-E5F6-7890-ABCD-EF1234567011}.Debug|x86.Build.0 = Debug|Any CPU
		{A1B2C3D4-E5F6-7890-ABCD-EF1234567011}.Release|Any CPU.ActiveCfg = Release|Any CPU
		{A1B2C3D4-E5F6-7890-ABCD-EF1234567011}.Release|Any CPU.Build.0 = Release|Any CPU
		{A1B2C3D4-E5F6-7890-ABCD-EF1234567011}.Release|x64.ActiveCfg = Release|Any CPU
		{A1B2C3D4-E5F6-7890-ABCD-EF1234567011}.Release|x64.Build.0 = Release|Any CPU
		{A1B2C3D4-E5F6-7890-ABCD-EF1234567011}.Release|x86.ActiveCfg = Release|Any CPU
		{A1B2C3D4-E5F6-7890-ABCD-EF1234567011}.Release|x86.Build.0 = Release|Any CPU
		{A1B2C3D4-E5F6-7890-ABCD-EF1234567013}.Debug|Any CPU.ActiveCfg = Debug|Any CPU
		{A1B2C3D4-E5F6-7890-ABCD-EF1234567013}.Debug|Any CPU.Build.0 = Debug|Any CPU
		{A1B2C3D4-E5F6-7890-ABCD-EF1234567013}.Debug|x64.ActiveCfg = Debug|Any CPU
		{A1B2C3D4-E5F6-7890-ABCD-EF1234567013}.Debug|x64.Build.0 = Debug|Any CPU
		{A1B2C3D4-E5F6-7890-ABCD-EF1234567013}.Debug|x86.ActiveCfg = Debug|Any CPU
		{A1B2C3D4-E5F6-7890-ABCD-EF1234567013}.Debug|x86.Build.0 = Debug|Any CPU
		{A1B2C3D4-E5F6-7890-ABCD-EF1234567013}.Release|Any CPU.ActiveCfg = Release|Any CPU
		{A1B2C3D4-E5F6-7890-ABCD-EF1234567013}.Release|Any CPU.Build.0 = Release|Any CPU
		{A1B2C3D4-E5F6-7890-ABCD-EF1234567013}.Release|x64.ActiveCfg = Release|Any CPU
		{A1B2C3D4-E5F6-7890-ABCD-EF1234567013}.Release|x64.Build.0 = Release|Any CPU
		{A1B2C3D4-E5F6-7890-ABCD-EF1234567013}.Release|x86.ActiveCfg = Release|Any CPU
		{A1B2C3D4-E5F6-7890-ABCD-EF1234567013}.Release|x86.Build.0 = Release|Any CPU
		{45F5F137-07AA-4EEE-9A89-C7FD7F492A13}.Debug|Any CPU.ActiveCfg = Debug|Any CPU
		{45F5F137-07AA-4EEE-9A89-C7FD7F492A13}.Debug|Any CPU.Build.0 = Debug|Any CPU
		{45F5F137-07AA-4EEE-9A89-C7FD7F492A13}.Debug|x64.ActiveCfg = Debug|Any CPU
		{45F5F137-07AA-4EEE-9A89-C7FD7F492A13}.Debug|x64.Build.0 = Debug|Any CPU
		{45F5F137-07AA-4EEE-9A89-C7FD7F492A13}.Debug|x86.ActiveCfg = Debug|Any CPU
		{45F5F137-07AA-4EEE-9A89-C7FD7F492A13}.Debug|x86.Build.0 = Debug|Any CPU
		{45F5F137-07AA-4EEE-9A89-C7FD7F492A13}.Release|Any CPU.ActiveCfg = Release|Any CPU
		{45F5F137-07AA-4EEE-9A89-C7FD7F492A13}.Release|Any CPU.Build.0 = Release|Any CPU
		{45F5F137-07AA-4EEE-9A89-C7FD7F492A13}.Release|x64.ActiveCfg = Release|Any CPU
		{45F5F137-07AA-4EEE-9A89-C7FD7F492A13}.Release|x64.Build.0 = Release|Any CPU
		{45F5F137-07AA-4EEE-9A89-C7FD7F492A13}.Release|x86.ActiveCfg = Release|Any CPU
		{45F5F137-07AA-4EEE-9A89-C7FD7F492A13}.Release|x86.Build.0 = Release|Any CPU
		{DAD31432-5B30-4A54-ADF6-C4671430CE6F}.Debug|Any CPU.ActiveCfg = Debug|Any CPU
		{DAD31432-5B30-4A54-ADF6-C4671430CE6F}.Debug|Any CPU.Build.0 = Debug|Any CPU
		{DAD31432-5B30-4A54-ADF6-C4671430CE6F}.Debug|x64.ActiveCfg = Debug|Any CPU
		{DAD31432-5B30-4A54-ADF6-C4671430CE6F}.Debug|x64.Build.0 = Debug|Any CPU
		{DAD31432-5B30-4A54-ADF6-C4671430CE6F}.Debug|x86.ActiveCfg = Debug|Any CPU
		{DAD31432-5B30-4A54-ADF6-C4671430CE6F}.Debug|x86.Build.0 = Debug|Any CPU
		{DAD31432-5B30-4A54-ADF6-C4671430CE6F}.Release|Any CPU.ActiveCfg = Release|Any CPU
		{DAD31432-5B30-4A54-ADF6-C4671430CE6F}.Release|Any CPU.Build.0 = Release|Any CPU
		{DAD31432-5B30-4A54-ADF6-C4671430CE6F}.Release|x64.ActiveCfg = Release|Any CPU
		{DAD31432-5B30-4A54-ADF6-C4671430CE6F}.Release|x64.Build.0 = Release|Any CPU
		{DAD31432-5B30-4A54-ADF6-C4671430CE6F}.Release|x86.ActiveCfg = Release|Any CPU
		{DAD31432-5B30-4A54-ADF6-C4671430CE6F}.Release|x86.Build.0 = Release|Any CPU
		{01E5815A-1EC2-47C1-B4C5-1BEF134A78B2}.Debug|Any CPU.ActiveCfg = Debug|Any CPU
		{01E5815A-1EC2-47C1-B4C5-1BEF134A78B2}.Debug|Any CPU.Build.0 = Debug|Any CPU
		{01E5815A-1EC2-47C1-B4C5-1BEF134A78B2}.Debug|x64.ActiveCfg = Debug|Any CPU
		{01E5815A-1EC2-47C1-B4C5-1BEF134A78B2}.Debug|x64.Build.0 = Debug|Any CPU
		{01E5815A-1EC2-47C1-B4C5-1BEF134A78B2}.Debug|x86.ActiveCfg = Debug|Any CPU
		{01E5815A-1EC2-47C1-B4C5-1BEF134A78B2}.Debug|x86.Build.0 = Debug|Any CPU
		{01E5815A-1EC2-47C1-B4C5-1BEF134A78B2}.Release|Any CPU.ActiveCfg = Release|Any CPU
		{01E5815A-1EC2-47C1-B4C5-1BEF134A78B2}.Release|Any CPU.Build.0 = Release|Any CPU
		{01E5815A-1EC2-47C1-B4C5-1BEF134A78B2}.Release|x64.ActiveCfg = Release|Any CPU
		{01E5815A-1EC2-47C1-B4C5-1BEF134A78B2}.Release|x64.Build.0 = Release|Any CPU
		{01E5815A-1EC2-47C1-B4C5-1BEF134A78B2}.Release|x86.ActiveCfg = Release|Any CPU
		{01E5815A-1EC2-47C1-B4C5-1BEF134A78B2}.Release|x86.Build.0 = Release|Any CPU
		{AF00121C-18B0-4DEF-97FC-925264057ED7}.Debug|Any CPU.ActiveCfg = Debug|Any CPU
		{AF00121C-18B0-4DEF-97FC-925264057ED7}.Debug|Any CPU.Build.0 = Debug|Any CPU
		{AF00121C-18B0-4DEF-97FC-925264057ED7}.Debug|x64.ActiveCfg = Debug|Any CPU
		{AF00121C-18B0-4DEF-97FC-925264057ED7}.Debug|x64.Build.0 = Debug|Any CPU
		{AF00121C-18B0-4DEF-97FC-925264057ED7}.Debug|x86.ActiveCfg = Debug|Any CPU
		{AF00121C-18B0-4DEF-97FC-925264057ED7}.Debug|x86.Build.0 = Debug|Any CPU
		{AF00121C-18B0-4DEF-97FC-925264057ED7}.Release|Any CPU.ActiveCfg = Release|Any CPU
		{AF00121C-18B0-4DEF-97FC-925264057ED7}.Release|Any CPU.Build.0 = Release|Any CPU
		{AF00121C-18B0-4DEF-97FC-925264057ED7}.Release|x64.ActiveCfg = Release|Any CPU
		{AF00121C-18B0-4DEF-97FC-925264057ED7}.Release|x64.Build.0 = Release|Any CPU
		{AF00121C-18B0-4DEF-97FC-925264057ED7}.Release|x86.ActiveCfg = Release|Any CPU
		{AF00121C-18B0-4DEF-97FC-925264057ED7}.Release|x86.Build.0 = Release|Any CPU
		{ADEBB84D-3C6F-46B8-8F00-55739C3EA908}.Debug|Any CPU.ActiveCfg = Debug|Any CPU
		{ADEBB84D-3C6F-46B8-8F00-55739C3EA908}.Debug|Any CPU.Build.0 = Debug|Any CPU
		{ADEBB84D-3C6F-46B8-8F00-55739C3EA908}.Debug|x64.ActiveCfg = Debug|Any CPU
		{ADEBB84D-3C6F-46B8-8F00-55739C3EA908}.Debug|x64.Build.0 = Debug|Any CPU
		{ADEBB84D-3C6F-46B8-8F00-55739C3EA908}.Debug|x86.ActiveCfg = Debug|Any CPU
		{ADEBB84D-3C6F-46B8-8F00-55739C3EA908}.Debug|x86.Build.0 = Debug|Any CPU
		{ADEBB84D-3C6F-46B8-8F00-55739C3EA908}.Release|Any CPU.ActiveCfg = Release|Any CPU
		{ADEBB84D-3C6F-46B8-8F00-55739C3EA908}.Release|Any CPU.Build.0 = Release|Any CPU
		{ADEBB84D-3C6F-46B8-8F00-55739C3EA908}.Release|x64.ActiveCfg = Release|Any CPU
		{ADEBB84D-3C6F-46B8-8F00-55739C3EA908}.Release|x64.Build.0 = Release|Any CPU
		{ADEBB84D-3C6F-46B8-8F00-55739C3EA908}.Release|x86.ActiveCfg = Release|Any CPU
		{ADEBB84D-3C6F-46B8-8F00-55739C3EA908}.Release|x86.Build.0 = Release|Any CPU
		{A980D514-A94D-4E6A-B4D2-50533D2EA18F}.Debug|Any CPU.ActiveCfg = Debug|Any CPU
		{A980D514-A94D-4E6A-B4D2-50533D2EA18F}.Debug|Any CPU.Build.0 = Debug|Any CPU
		{A980D514-A94D-4E6A-B4D2-50533D2EA18F}.Debug|x64.ActiveCfg = Debug|Any CPU
		{A980D514-A94D-4E6A-B4D2-50533D2EA18F}.Debug|x64.Build.0 = Debug|Any CPU
		{A980D514-A94D-4E6A-B4D2-50533D2EA18F}.Debug|x86.ActiveCfg = Debug|Any CPU
		{A980D514-A94D-4E6A-B4D2-50533D2EA18F}.Debug|x86.Build.0 = Debug|Any CPU
		{A980D514-A94D-4E6A-B4D2-50533D2EA18F}.Release|Any CPU.ActiveCfg = Release|Any CPU
		{A980D514-A94D-4E6A-B4D2-50533D2EA18F}.Release|Any CPU.Build.0 = Release|Any CPU
		{A980D514-A94D-4E6A-B4D2-50533D2EA18F}.Release|x64.ActiveCfg = Release|Any CPU
		{A980D514-A94D-4E6A-B4D2-50533D2EA18F}.Release|x64.Build.0 = Release|Any CPU
		{A980D514-A94D-4E6A-B4D2-50533D2EA18F}.Release|x86.ActiveCfg = Release|Any CPU
		{A980D514-A94D-4E6A-B4D2-50533D2EA18F}.Release|x86.Build.0 = Release|Any CPU
		{1FF34D1B-D4A1-4289-A433-ACA7179CA132}.Debug|Any CPU.ActiveCfg = Debug|Any CPU
		{1FF34D1B-D4A1-4289-A433-ACA7179CA132}.Debug|Any CPU.Build.0 = Debug|Any CPU
		{1FF34D1B-D4A1-4289-A433-ACA7179CA132}.Debug|x64.ActiveCfg = Debug|Any CPU
		{1FF34D1B-D4A1-4289-A433-ACA7179CA132}.Debug|x64.Build.0 = Debug|Any CPU
		{1FF34D1B-D4A1-4289-A433-ACA7179CA132}.Debug|x86.ActiveCfg = Debug|Any CPU
		{1FF34D1B-D4A1-4289-A433-ACA7179CA132}.Debug|x86.Build.0 = Debug|Any CPU
		{1FF34D1B-D4A1-4289-A433-ACA7179CA132}.Release|Any CPU.ActiveCfg = Release|Any CPU
		{1FF34D1B-D4A1-4289-A433-ACA7179CA132}.Release|Any CPU.Build.0 = Release|Any CPU
		{1FF34D1B-D4A1-4289-A433-ACA7179CA132}.Release|x64.ActiveCfg = Release|Any CPU
		{1FF34D1B-D4A1-4289-A433-ACA7179CA132}.Release|x64.Build.0 = Release|Any CPU
		{1FF34D1B-D4A1-4289-A433-ACA7179CA132}.Release|x86.ActiveCfg = Release|Any CPU
		{1FF34D1B-D4A1-4289-A433-ACA7179CA132}.Release|x86.Build.0 = Release|Any CPU
		{69968E07-FB1A-406F-B7C1-EEE64C3D900C}.Debug|Any CPU.ActiveCfg = Debug|Any CPU
		{69968E07-FB1A-406F-B7C1-EEE64C3D900C}.Debug|Any CPU.Build.0 = Debug|Any CPU
		{69968E07-FB1A-406F-B7C1-EEE64C3D900C}.Debug|x64.ActiveCfg = Debug|Any CPU
		{69968E07-FB1A-406F-B7C1-EEE64C3D900C}.Debug|x64.Build.0 = Debug|Any CPU
		{69968E07-FB1A-406F-B7C1-EEE64C3D900C}.Debug|x86.ActiveCfg = Debug|Any CPU
		{69968E07-FB1A-406F-B7C1-EEE64C3D900C}.Debug|x86.Build.0 = Debug|Any CPU
		{69968E07-FB1A-406F-B7C1-EEE64C3D900C}.Release|Any CPU.ActiveCfg = Release|Any CPU
		{69968E07-FB1A-406F-B7C1-EEE64C3D900C}.Release|Any CPU.Build.0 = Release|Any CPU
		{69968E07-FB1A-406F-B7C1-EEE64C3D900C}.Release|x64.ActiveCfg = Release|Any CPU
		{69968E07-FB1A-406F-B7C1-EEE64C3D900C}.Release|x64.Build.0 = Release|Any CPU
		{69968E07-FB1A-406F-B7C1-EEE64C3D900C}.Release|x86.ActiveCfg = Release|Any CPU
		{69968E07-FB1A-406F-B7C1-EEE64C3D900C}.Release|x86.Build.0 = Release|Any CPU
		{55EA3727-9A74-49DF-8F9B-60A91EB86BC6}.Debug|Any CPU.ActiveCfg = Debug|Any CPU
		{55EA3727-9A74-49DF-8F9B-60A91EB86BC6}.Debug|Any CPU.Build.0 = Debug|Any CPU
		{55EA3727-9A74-49DF-8F9B-60A91EB86BC6}.Debug|x64.ActiveCfg = Debug|Any CPU
		{55EA3727-9A74-49DF-8F9B-60A91EB86BC6}.Debug|x64.Build.0 = Debug|Any CPU
		{55EA3727-9A74-49DF-8F9B-60A91EB86BC6}.Debug|x86.ActiveCfg = Debug|Any CPU
		{55EA3727-9A74-49DF-8F9B-60A91EB86BC6}.Debug|x86.Build.0 = Debug|Any CPU
		{55EA3727-9A74-49DF-8F9B-60A91EB86BC6}.Release|Any CPU.ActiveCfg = Release|Any CPU
		{55EA3727-9A74-49DF-8F9B-60A91EB86BC6}.Release|Any CPU.Build.0 = Release|Any CPU
		{55EA3727-9A74-49DF-8F9B-60A91EB86BC6}.Release|x64.ActiveCfg = Release|Any CPU
		{55EA3727-9A74-49DF-8F9B-60A91EB86BC6}.Release|x64.Build.0 = Release|Any CPU
		{55EA3727-9A74-49DF-8F9B-60A91EB86BC6}.Release|x86.ActiveCfg = Release|Any CPU
		{55EA3727-9A74-49DF-8F9B-60A91EB86BC6}.Release|x86.Build.0 = Release|Any CPU
		{7A074015-18EF-4B9F-AB59-D7D5716F1480}.Debug|Any CPU.ActiveCfg = Debug|Any CPU
		{7A074015-18EF-4B9F-AB59-D7D5716F1480}.Debug|Any CPU.Build.0 = Debug|Any CPU
		{7A074015-18EF-4B9F-AB59-D7D5716F1480}.Debug|x64.ActiveCfg = Debug|Any CPU
		{7A074015-18EF-4B9F-AB59-D7D5716F1480}.Debug|x64.Build.0 = Debug|Any CPU
		{7A074015-18EF-4B9F-AB59-D7D5716F1480}.Debug|x86.ActiveCfg = Debug|Any CPU
		{7A074015-18EF-4B9F-AB59-D7D5716F1480}.Debug|x86.Build.0 = Debug|Any CPU
		{7A074015-18EF-4B9F-AB59-D7D5716F1480}.Release|Any CPU.ActiveCfg = Release|Any CPU
		{7A074015-18EF-4B9F-AB59-D7D5716F1480}.Release|Any CPU.Build.0 = Release|Any CPU
		{7A074015-18EF-4B9F-AB59-D7D5716F1480}.Release|x64.ActiveCfg = Release|Any CPU
		{7A074015-18EF-4B9F-AB59-D7D5716F1480}.Release|x64.Build.0 = Release|Any CPU
		{7A074015-18EF-4B9F-AB59-D7D5716F1480}.Release|x86.ActiveCfg = Release|Any CPU
		{7A074015-18EF-4B9F-AB59-D7D5716F1480}.Release|x86.Build.0 = Release|Any CPU
		{31B2E45D-C172-46BE-BDEE-6986036521D1}.Debug|Any CPU.ActiveCfg = Debug|Any CPU
		{31B2E45D-C172-46BE-BDEE-6986036521D1}.Debug|Any CPU.Build.0 = Debug|Any CPU
		{31B2E45D-C172-46BE-BDEE-6986036521D1}.Debug|x64.ActiveCfg = Debug|Any CPU
		{31B2E45D-C172-46BE-BDEE-6986036521D1}.Debug|x64.Build.0 = Debug|Any CPU
		{31B2E45D-C172-46BE-BDEE-6986036521D1}.Debug|x86.ActiveCfg = Debug|Any CPU
		{31B2E45D-C172-46BE-BDEE-6986036521D1}.Debug|x86.Build.0 = Debug|Any CPU
		{31B2E45D-C172-46BE-BDEE-6986036521D1}.Release|Any CPU.ActiveCfg = Release|Any CPU
		{31B2E45D-C172-46BE-BDEE-6986036521D1}.Release|Any CPU.Build.0 = Release|Any CPU
		{31B2E45D-C172-46BE-BDEE-6986036521D1}.Release|x64.ActiveCfg = Release|Any CPU
		{31B2E45D-C172-46BE-BDEE-6986036521D1}.Release|x64.Build.0 = Release|Any CPU
		{31B2E45D-C172-46BE-BDEE-6986036521D1}.Release|x86.ActiveCfg = Release|Any CPU
		{31B2E45D-C172-46BE-BDEE-6986036521D1}.Release|x86.Build.0 = Release|Any CPU
		{07C5C0C0-46AA-46A9-86F3-5276D34A0E86}.Debug|Any CPU.ActiveCfg = Debug|Any CPU
		{07C5C0C0-46AA-46A9-86F3-5276D34A0E86}.Debug|Any CPU.Build.0 = Debug|Any CPU
		{07C5C0C0-46AA-46A9-86F3-5276D34A0E86}.Debug|x64.ActiveCfg = Debug|Any CPU
		{07C5C0C0-46AA-46A9-86F3-5276D34A0E86}.Debug|x64.Build.0 = Debug|Any CPU
		{07C5C0C0-46AA-46A9-86F3-5276D34A0E86}.Debug|x86.ActiveCfg = Debug|Any CPU
		{07C5C0C0-46AA-46A9-86F3-5276D34A0E86}.Debug|x86.Build.0 = Debug|Any CPU
		{07C5C0C0-46AA-46A9-86F3-5276D34A0E86}.Release|Any CPU.ActiveCfg = Release|Any CPU
		{07C5C0C0-46AA-46A9-86F3-5276D34A0E86}.Release|Any CPU.Build.0 = Release|Any CPU
		{07C5C0C0-46AA-46A9-86F3-5276D34A0E86}.Release|x64.ActiveCfg = Release|Any CPU
		{07C5C0C0-46AA-46A9-86F3-5276D34A0E86}.Release|x64.Build.0 = Release|Any CPU
		{07C5C0C0-46AA-46A9-86F3-5276D34A0E86}.Release|x86.ActiveCfg = Release|Any CPU
		{07C5C0C0-46AA-46A9-86F3-5276D34A0E86}.Release|x86.Build.0 = Release|Any CPU
		{9F9F9970-30E3-46A5-A1CC-D775AA974C75}.Debug|Any CPU.ActiveCfg = Debug|Any CPU
		{9F9F9970-30E3-46A5-A1CC-D775AA974C75}.Debug|Any CPU.Build.0 = Debug|Any CPU
		{9F9F9970-30E3-46A5-A1CC-D775AA974C75}.Debug|x64.ActiveCfg = Debug|Any CPU
		{9F9F9970-30E3-46A5-A1CC-D775AA974C75}.Debug|x64.Build.0 = Debug|Any CPU
		{9F9F9970-30E3-46A5-A1CC-D775AA974C75}.Debug|x86.ActiveCfg = Debug|Any CPU
		{9F9F9970-30E3-46A5-A1CC-D775AA974C75}.Debug|x86.Build.0 = Debug|Any CPU
		{9F9F9970-30E3-46A5-A1CC-D775AA974C75}.Release|Any CPU.ActiveCfg = Release|Any CPU
		{9F9F9970-30E3-46A5-A1CC-D775AA974C75}.Release|Any CPU.Build.0 = Release|Any CPU
		{9F9F9970-30E3-46A5-A1CC-D775AA974C75}.Release|x64.ActiveCfg = Release|Any CPU
		{9F9F9970-30E3-46A5-A1CC-D775AA974C75}.Release|x64.Build.0 = Release|Any CPU
		{9F9F9970-30E3-46A5-A1CC-D775AA974C75}.Release|x86.ActiveCfg = Release|Any CPU
		{9F9F9970-30E3-46A5-A1CC-D775AA974C75}.Release|x86.Build.0 = Release|Any CPU
		{519477FD-1EFC-4E4C-95E6-16D00F29E8B3}.Debug|Any CPU.ActiveCfg = Debug|Any CPU
		{519477FD-1EFC-4E4C-95E6-16D00F29E8B3}.Debug|Any CPU.Build.0 = Debug|Any CPU
		{519477FD-1EFC-4E4C-95E6-16D00F29E8B3}.Debug|x64.ActiveCfg = Debug|Any CPU
		{519477FD-1EFC-4E4C-95E6-16D00F29E8B3}.Debug|x64.Build.0 = Debug|Any CPU
		{519477FD-1EFC-4E4C-95E6-16D00F29E8B3}.Debug|x86.ActiveCfg = Debug|Any CPU
		{519477FD-1EFC-4E4C-95E6-16D00F29E8B3}.Debug|x86.Build.0 = Debug|Any CPU
		{519477FD-1EFC-4E4C-95E6-16D00F29E8B3}.Release|Any CPU.ActiveCfg = Release|Any CPU
		{519477FD-1EFC-4E4C-95E6-16D00F29E8B3}.Release|Any CPU.Build.0 = Release|Any CPU
		{519477FD-1EFC-4E4C-95E6-16D00F29E8B3}.Release|x64.ActiveCfg = Release|Any CPU
		{519477FD-1EFC-4E4C-95E6-16D00F29E8B3}.Release|x64.Build.0 = Release|Any CPU
		{519477FD-1EFC-4E4C-95E6-16D00F29E8B3}.Release|x86.ActiveCfg = Release|Any CPU
		{519477FD-1EFC-4E4C-95E6-16D00F29E8B3}.Release|x86.Build.0 = Release|Any CPU
		{D8FDD4F8-79D0-49A2-BC87-80DD8ED09826}.Debug|Any CPU.ActiveCfg = Debug|Any CPU
		{D8FDD4F8-79D0-49A2-BC87-80DD8ED09826}.Debug|Any CPU.Build.0 = Debug|Any CPU
		{D8FDD4F8-79D0-49A2-BC87-80DD8ED09826}.Debug|x64.ActiveCfg = Debug|Any CPU
		{D8FDD4F8-79D0-49A2-BC87-80DD8ED09826}.Debug|x64.Build.0 = Debug|Any CPU
		{D8FDD4F8-79D0-49A2-BC87-80DD8ED09826}.Debug|x86.ActiveCfg = Debug|Any CPU
		{D8FDD4F8-79D0-49A2-BC87-80DD8ED09826}.Debug|x86.Build.0 = Debug|Any CPU
		{D8FDD4F8-79D0-49A2-BC87-80DD8ED09826}.Release|Any CPU.ActiveCfg = Release|Any CPU
		{D8FDD4F8-79D0-49A2-BC87-80DD8ED09826}.Release|Any CPU.Build.0 = Release|Any CPU
		{D8FDD4F8-79D0-49A2-BC87-80DD8ED09826}.Release|x64.ActiveCfg = Release|Any CPU
		{D8FDD4F8-79D0-49A2-BC87-80DD8ED09826}.Release|x64.Build.0 = Release|Any CPU
		{D8FDD4F8-79D0-49A2-BC87-80DD8ED09826}.Release|x86.ActiveCfg = Release|Any CPU
		{D8FDD4F8-79D0-49A2-BC87-80DD8ED09826}.Release|x86.Build.0 = Release|Any CPU
		{61F33391-C2F7-4ABC-8DE7-25D106CDDD69}.Debug|Any CPU.ActiveCfg = Debug|Any CPU
		{61F33391-C2F7-4ABC-8DE7-25D106CDDD69}.Debug|Any CPU.Build.0 = Debug|Any CPU
		{61F33391-C2F7-4ABC-8DE7-25D106CDDD69}.Debug|x64.ActiveCfg = Debug|Any CPU
		{61F33391-C2F7-4ABC-8DE7-25D106CDDD69}.Debug|x64.Build.0 = Debug|Any CPU
		{61F33391-C2F7-4ABC-8DE7-25D106CDDD69}.Debug|x86.ActiveCfg = Debug|Any CPU
		{61F33391-C2F7-4ABC-8DE7-25D106CDDD69}.Debug|x86.Build.0 = Debug|Any CPU
		{61F33391-C2F7-4ABC-8DE7-25D106CDDD69}.Release|Any CPU.ActiveCfg = Release|Any CPU
		{61F33391-C2F7-4ABC-8DE7-25D106CDDD69}.Release|Any CPU.Build.0 = Release|Any CPU
		{61F33391-C2F7-4ABC-8DE7-25D106CDDD69}.Release|x64.ActiveCfg = Release|Any CPU
		{61F33391-C2F7-4ABC-8DE7-25D106CDDD69}.Release|x64.Build.0 = Release|Any CPU
		{61F33391-C2F7-4ABC-8DE7-25D106CDDD69}.Release|x86.ActiveCfg = Release|Any CPU
		{61F33391-C2F7-4ABC-8DE7-25D106CDDD69}.Release|x86.Build.0 = Release|Any CPU
		{002A963F-367C-4D13-A6B9-BB1ACBCE3C9E}.Debug|Any CPU.ActiveCfg = Debug|Any CPU
		{002A963F-367C-4D13-A6B9-BB1ACBCE3C9E}.Debug|Any CPU.Build.0 = Debug|Any CPU
		{002A963F-367C-4D13-A6B9-BB1ACBCE3C9E}.Debug|x64.ActiveCfg = Debug|Any CPU
		{002A963F-367C-4D13-A6B9-BB1ACBCE3C9E}.Debug|x64.Build.0 = Debug|Any CPU
		{002A963F-367C-4D13-A6B9-BB1ACBCE3C9E}.Debug|x86.ActiveCfg = Debug|Any CPU
		{002A963F-367C-4D13-A6B9-BB1ACBCE3C9E}.Debug|x86.Build.0 = Debug|Any CPU
		{002A963F-367C-4D13-A6B9-BB1ACBCE3C9E}.Release|Any CPU.ActiveCfg = Release|Any CPU
		{002A963F-367C-4D13-A6B9-BB1ACBCE3C9E}.Release|Any CPU.Build.0 = Release|Any CPU
		{002A963F-367C-4D13-A6B9-BB1ACBCE3C9E}.Release|x64.ActiveCfg = Release|Any CPU
		{002A963F-367C-4D13-A6B9-BB1ACBCE3C9E}.Release|x64.Build.0 = Release|Any CPU
		{002A963F-367C-4D13-A6B9-BB1ACBCE3C9E}.Release|x86.ActiveCfg = Release|Any CPU
		{002A963F-367C-4D13-A6B9-BB1ACBCE3C9E}.Release|x86.Build.0 = Release|Any CPU
		{3E30F16B-896F-4007-B41E-BCBE013B1031}.Debug|Any CPU.ActiveCfg = Debug|Any CPU
		{3E30F16B-896F-4007-B41E-BCBE013B1031}.Debug|Any CPU.Build.0 = Debug|Any CPU
		{3E30F16B-896F-4007-B41E-BCBE013B1031}.Debug|x64.ActiveCfg = Debug|Any CPU
		{3E30F16B-896F-4007-B41E-BCBE013B1031}.Debug|x64.Build.0 = Debug|Any CPU
		{3E30F16B-896F-4007-B41E-BCBE013B1031}.Debug|x86.ActiveCfg = Debug|Any CPU
		{3E30F16B-896F-4007-B41E-BCBE013B1031}.Debug|x86.Build.0 = Debug|Any CPU
		{3E30F16B-896F-4007-B41E-BCBE013B1031}.Release|Any CPU.ActiveCfg = Release|Any CPU
		{3E30F16B-896F-4007-B41E-BCBE013B1031}.Release|Any CPU.Build.0 = Release|Any CPU
		{3E30F16B-896F-4007-B41E-BCBE013B1031}.Release|x64.ActiveCfg = Release|Any CPU
		{3E30F16B-896F-4007-B41E-BCBE013B1031}.Release|x64.Build.0 = Release|Any CPU
		{3E30F16B-896F-4007-B41E-BCBE013B1031}.Release|x86.ActiveCfg = Release|Any CPU
		{3E30F16B-896F-4007-B41E-BCBE013B1031}.Release|x86.Build.0 = Release|Any CPU
		{CB511509-E167-41A9-A34E-CFBC7A0A5934}.Debug|Any CPU.ActiveCfg = Debug|Any CPU
		{CB511509-E167-41A9-A34E-CFBC7A0A5934}.Debug|Any CPU.Build.0 = Debug|Any CPU
		{CB511509-E167-41A9-A34E-CFBC7A0A5934}.Debug|x64.ActiveCfg = Debug|Any CPU
		{CB511509-E167-41A9-A34E-CFBC7A0A5934}.Debug|x64.Build.0 = Debug|Any CPU
		{CB511509-E167-41A9-A34E-CFBC7A0A5934}.Debug|x86.ActiveCfg = Debug|Any CPU
		{CB511509-E167-41A9-A34E-CFBC7A0A5934}.Debug|x86.Build.0 = Debug|Any CPU
		{CB511509-E167-41A9-A34E-CFBC7A0A5934}.Release|Any CPU.ActiveCfg = Release|Any CPU
		{CB511509-E167-41A9-A34E-CFBC7A0A5934}.Release|Any CPU.Build.0 = Release|Any CPU
		{CB511509-E167-41A9-A34E-CFBC7A0A5934}.Release|x64.ActiveCfg = Release|Any CPU
		{CB511509-E167-41A9-A34E-CFBC7A0A5934}.Release|x64.Build.0 = Release|Any CPU
		{CB511509-E167-41A9-A34E-CFBC7A0A5934}.Release|x86.ActiveCfg = Release|Any CPU
		{CB511509-E167-41A9-A34E-CFBC7A0A5934}.Release|x86.Build.0 = Release|Any CPU
		{AECB4130-A843-42A2-B4D3-89227E296F46}.Debug|Any CPU.ActiveCfg = Debug|Any CPU
		{AECB4130-A843-42A2-B4D3-89227E296F46}.Debug|Any CPU.Build.0 = Debug|Any CPU
		{AECB4130-A843-42A2-B4D3-89227E296F46}.Debug|x64.ActiveCfg = Debug|Any CPU
		{AECB4130-A843-42A2-B4D3-89227E296F46}.Debug|x64.Build.0 = Debug|Any CPU
		{AECB4130-A843-42A2-B4D3-89227E296F46}.Debug|x86.ActiveCfg = Debug|Any CPU
		{AECB4130-A843-42A2-B4D3-89227E296F46}.Debug|x86.Build.0 = Debug|Any CPU
		{AECB4130-A843-42A2-B4D3-89227E296F46}.Release|Any CPU.ActiveCfg = Release|Any CPU
		{AECB4130-A843-42A2-B4D3-89227E296F46}.Release|Any CPU.Build.0 = Release|Any CPU
		{AECB4130-A843-42A2-B4D3-89227E296F46}.Release|x64.ActiveCfg = Release|Any CPU
		{AECB4130-A843-42A2-B4D3-89227E296F46}.Release|x64.Build.0 = Release|Any CPU
		{AECB4130-A843-42A2-B4D3-89227E296F46}.Release|x86.ActiveCfg = Release|Any CPU
		{AECB4130-A843-42A2-B4D3-89227E296F46}.Release|x86.Build.0 = Release|Any CPU
		{18D51E45-E83D-4138-834C-FB3D8BF98433}.Debug|Any CPU.ActiveCfg = Debug|Any CPU
		{18D51E45-E83D-4138-834C-FB3D8BF98433}.Debug|Any CPU.Build.0 = Debug|Any CPU
		{18D51E45-E83D-4138-834C-FB3D8BF98433}.Debug|x64.ActiveCfg = Debug|Any CPU
		{18D51E45-E83D-4138-834C-FB3D8BF98433}.Debug|x64.Build.0 = Debug|Any CPU
		{18D51E45-E83D-4138-834C-FB3D8BF98433}.Debug|x86.ActiveCfg = Debug|Any CPU
		{18D51E45-E83D-4138-834C-FB3D8BF98433}.Debug|x86.Build.0 = Debug|Any CPU
		{18D51E45-E83D-4138-834C-FB3D8BF98433}.Release|Any CPU.ActiveCfg = Release|Any CPU
		{18D51E45-E83D-4138-834C-FB3D8BF98433}.Release|Any CPU.Build.0 = Release|Any CPU
		{18D51E45-E83D-4138-834C-FB3D8BF98433}.Release|x64.ActiveCfg = Release|Any CPU
		{18D51E45-E83D-4138-834C-FB3D8BF98433}.Release|x64.Build.0 = Release|Any CPU
		{18D51E45-E83D-4138-834C-FB3D8BF98433}.Release|x86.ActiveCfg = Release|Any CPU
		{18D51E45-E83D-4138-834C-FB3D8BF98433}.Release|x86.Build.0 = Release|Any CPU
		{99128D02-1395-441F-A2B0-7E61244847B5}.Debug|Any CPU.ActiveCfg = Debug|Any CPU
		{99128D02-1395-441F-A2B0-7E61244847B5}.Debug|Any CPU.Build.0 = Debug|Any CPU
		{99128D02-1395-441F-A2B0-7E61244847B5}.Debug|x64.ActiveCfg = Debug|Any CPU
		{99128D02-1395-441F-A2B0-7E61244847B5}.Debug|x64.Build.0 = Debug|Any CPU
		{99128D02-1395-441F-A2B0-7E61244847B5}.Debug|x86.ActiveCfg = Debug|Any CPU
		{99128D02-1395-441F-A2B0-7E61244847B5}.Debug|x86.Build.0 = Debug|Any CPU
		{99128D02-1395-441F-A2B0-7E61244847B5}.Release|Any CPU.ActiveCfg = Release|Any CPU
		{99128D02-1395-441F-A2B0-7E61244847B5}.Release|Any CPU.Build.0 = Release|Any CPU
		{99128D02-1395-441F-A2B0-7E61244847B5}.Release|x64.ActiveCfg = Release|Any CPU
		{99128D02-1395-441F-A2B0-7E61244847B5}.Release|x64.Build.0 = Release|Any CPU
		{99128D02-1395-441F-A2B0-7E61244847B5}.Release|x86.ActiveCfg = Release|Any CPU
		{99128D02-1395-441F-A2B0-7E61244847B5}.Release|x86.Build.0 = Release|Any CPU
		{D04B09E5-126C-4158-A7CD-8A56DF1B6C18}.Debug|Any CPU.ActiveCfg = Debug|Any CPU
		{D04B09E5-126C-4158-A7CD-8A56DF1B6C18}.Debug|Any CPU.Build.0 = Debug|Any CPU
		{D04B09E5-126C-4158-A7CD-8A56DF1B6C18}.Debug|x64.ActiveCfg = Debug|Any CPU
		{D04B09E5-126C-4158-A7CD-8A56DF1B6C18}.Debug|x64.Build.0 = Debug|Any CPU
		{D04B09E5-126C-4158-A7CD-8A56DF1B6C18}.Debug|x86.ActiveCfg = Debug|Any CPU
		{D04B09E5-126C-4158-A7CD-8A56DF1B6C18}.Debug|x86.Build.0 = Debug|Any CPU
		{D04B09E5-126C-4158-A7CD-8A56DF1B6C18}.Release|Any CPU.ActiveCfg = Release|Any CPU
		{D04B09E5-126C-4158-A7CD-8A56DF1B6C18}.Release|Any CPU.Build.0 = Release|Any CPU
		{D04B09E5-126C-4158-A7CD-8A56DF1B6C18}.Release|x64.ActiveCfg = Release|Any CPU
		{D04B09E5-126C-4158-A7CD-8A56DF1B6C18}.Release|x64.Build.0 = Release|Any CPU
		{D04B09E5-126C-4158-A7CD-8A56DF1B6C18}.Release|x86.ActiveCfg = Release|Any CPU
		{D04B09E5-126C-4158-A7CD-8A56DF1B6C18}.Release|x86.Build.0 = Release|Any CPU
		{33D88EC9-2F87-46DF-B005-337566654B66}.Debug|Any CPU.ActiveCfg = Debug|Any CPU
		{33D88EC9-2F87-46DF-B005-337566654B66}.Debug|Any CPU.Build.0 = Debug|Any CPU
		{33D88EC9-2F87-46DF-B005-337566654B66}.Debug|x64.ActiveCfg = Debug|Any CPU
		{33D88EC9-2F87-46DF-B005-337566654B66}.Debug|x64.Build.0 = Debug|Any CPU
		{33D88EC9-2F87-46DF-B005-337566654B66}.Debug|x86.ActiveCfg = Debug|Any CPU
		{33D88EC9-2F87-46DF-B005-337566654B66}.Debug|x86.Build.0 = Debug|Any CPU
		{33D88EC9-2F87-46DF-B005-337566654B66}.Release|Any CPU.ActiveCfg = Release|Any CPU
		{33D88EC9-2F87-46DF-B005-337566654B66}.Release|Any CPU.Build.0 = Release|Any CPU
		{33D88EC9-2F87-46DF-B005-337566654B66}.Release|x64.ActiveCfg = Release|Any CPU
		{33D88EC9-2F87-46DF-B005-337566654B66}.Release|x64.Build.0 = Release|Any CPU
		{33D88EC9-2F87-46DF-B005-337566654B66}.Release|x86.ActiveCfg = Release|Any CPU
		{33D88EC9-2F87-46DF-B005-337566654B66}.Release|x86.Build.0 = Release|Any CPU
		{B279B14D-3179-420A-A03F-890F82B0EC05}.Debug|Any CPU.ActiveCfg = Debug|Any CPU
		{B279B14D-3179-420A-A03F-890F82B0EC05}.Debug|Any CPU.Build.0 = Debug|Any CPU
		{B279B14D-3179-420A-A03F-890F82B0EC05}.Debug|x64.ActiveCfg = Debug|Any CPU
		{B279B14D-3179-420A-A03F-890F82B0EC05}.Debug|x64.Build.0 = Debug|Any CPU
		{B279B14D-3179-420A-A03F-890F82B0EC05}.Debug|x86.ActiveCfg = Debug|Any CPU
		{B279B14D-3179-420A-A03F-890F82B0EC05}.Debug|x86.Build.0 = Debug|Any CPU
		{B279B14D-3179-420A-A03F-890F82B0EC05}.Release|Any CPU.ActiveCfg = Release|Any CPU
		{B279B14D-3179-420A-A03F-890F82B0EC05}.Release|Any CPU.Build.0 = Release|Any CPU
		{B279B14D-3179-420A-A03F-890F82B0EC05}.Release|x64.ActiveCfg = Release|Any CPU
		{B279B14D-3179-420A-A03F-890F82B0EC05}.Release|x64.Build.0 = Release|Any CPU
		{B279B14D-3179-420A-A03F-890F82B0EC05}.Release|x86.ActiveCfg = Release|Any CPU
		{B279B14D-3179-420A-A03F-890F82B0EC05}.Release|x86.Build.0 = Release|Any CPU
		{5F85287A-7D17-4FD4-AE4B-C5AAC7A95A76}.Debug|Any CPU.ActiveCfg = Debug|Any CPU
		{5F85287A-7D17-4FD4-AE4B-C5AAC7A95A76}.Debug|Any CPU.Build.0 = Debug|Any CPU
		{5F85287A-7D17-4FD4-AE4B-C5AAC7A95A76}.Debug|x64.ActiveCfg = Debug|Any CPU
		{5F85287A-7D17-4FD4-AE4B-C5AAC7A95A76}.Debug|x64.Build.0 = Debug|Any CPU
		{5F85287A-7D17-4FD4-AE4B-C5AAC7A95A76}.Debug|x86.ActiveCfg = Debug|Any CPU
		{5F85287A-7D17-4FD4-AE4B-C5AAC7A95A76}.Debug|x86.Build.0 = Debug|Any CPU
		{5F85287A-7D17-4FD4-AE4B-C5AAC7A95A76}.Release|Any CPU.ActiveCfg = Release|Any CPU
		{5F85287A-7D17-4FD4-AE4B-C5AAC7A95A76}.Release|Any CPU.Build.0 = Release|Any CPU
		{5F85287A-7D17-4FD4-AE4B-C5AAC7A95A76}.Release|x64.ActiveCfg = Release|Any CPU
		{5F85287A-7D17-4FD4-AE4B-C5AAC7A95A76}.Release|x64.Build.0 = Release|Any CPU
		{5F85287A-7D17-4FD4-AE4B-C5AAC7A95A76}.Release|x86.ActiveCfg = Release|Any CPU
		{5F85287A-7D17-4FD4-AE4B-C5AAC7A95A76}.Release|x86.Build.0 = Release|Any CPU
		{7F56545A-121E-4536-ABFF-0A2E58172BF3}.Debug|Any CPU.ActiveCfg = Debug|Any CPU
		{7F56545A-121E-4536-ABFF-0A2E58172BF3}.Debug|Any CPU.Build.0 = Debug|Any CPU
		{7F56545A-121E-4536-ABFF-0A2E58172BF3}.Debug|x64.ActiveCfg = Debug|Any CPU
		{7F56545A-121E-4536-ABFF-0A2E58172BF3}.Debug|x64.Build.0 = Debug|Any CPU
		{7F56545A-121E-4536-ABFF-0A2E58172BF3}.Debug|x86.ActiveCfg = Debug|Any CPU
		{7F56545A-121E-4536-ABFF-0A2E58172BF3}.Debug|x86.Build.0 = Debug|Any CPU
		{7F56545A-121E-4536-ABFF-0A2E58172BF3}.Release|Any CPU.ActiveCfg = Release|Any CPU
		{7F56545A-121E-4536-ABFF-0A2E58172BF3}.Release|Any CPU.Build.0 = Release|Any CPU
		{7F56545A-121E-4536-ABFF-0A2E58172BF3}.Release|x64.ActiveCfg = Release|Any CPU
		{7F56545A-121E-4536-ABFF-0A2E58172BF3}.Release|x64.Build.0 = Release|Any CPU
		{7F56545A-121E-4536-ABFF-0A2E58172BF3}.Release|x86.ActiveCfg = Release|Any CPU
		{7F56545A-121E-4536-ABFF-0A2E58172BF3}.Release|x86.Build.0 = Release|Any CPU
		{CE2E25C3-1EC3-4973-8461-1F3FA2DF0ED5}.Debug|Any CPU.ActiveCfg = Debug|Any CPU
		{CE2E25C3-1EC3-4973-8461-1F3FA2DF0ED5}.Debug|Any CPU.Build.0 = Debug|Any CPU
		{CE2E25C3-1EC3-4973-8461-1F3FA2DF0ED5}.Debug|x64.ActiveCfg = Debug|Any CPU
		{CE2E25C3-1EC3-4973-8461-1F3FA2DF0ED5}.Debug|x64.Build.0 = Debug|Any CPU
		{CE2E25C3-1EC3-4973-8461-1F3FA2DF0ED5}.Debug|x86.ActiveCfg = Debug|Any CPU
		{CE2E25C3-1EC3-4973-8461-1F3FA2DF0ED5}.Debug|x86.Build.0 = Debug|Any CPU
		{CE2E25C3-1EC3-4973-8461-1F3FA2DF0ED5}.Release|Any CPU.ActiveCfg = Release|Any CPU
		{CE2E25C3-1EC3-4973-8461-1F3FA2DF0ED5}.Release|Any CPU.Build.0 = Release|Any CPU
		{CE2E25C3-1EC3-4973-8461-1F3FA2DF0ED5}.Release|x64.ActiveCfg = Release|Any CPU
		{CE2E25C3-1EC3-4973-8461-1F3FA2DF0ED5}.Release|x64.Build.0 = Release|Any CPU
		{CE2E25C3-1EC3-4973-8461-1F3FA2DF0ED5}.Release|x86.ActiveCfg = Release|Any CPU
		{CE2E25C3-1EC3-4973-8461-1F3FA2DF0ED5}.Release|x86.Build.0 = Release|Any CPU
		{113D3136-9651-489C-9B02-608C742816F4}.Debug|Any CPU.ActiveCfg = Debug|Any CPU
		{113D3136-9651-489C-9B02-608C742816F4}.Debug|Any CPU.Build.0 = Debug|Any CPU
		{113D3136-9651-489C-9B02-608C742816F4}.Debug|x64.ActiveCfg = Debug|Any CPU
		{113D3136-9651-489C-9B02-608C742816F4}.Debug|x64.Build.0 = Debug|Any CPU
		{113D3136-9651-489C-9B02-608C742816F4}.Debug|x86.ActiveCfg = Debug|Any CPU
		{113D3136-9651-489C-9B02-608C742816F4}.Debug|x86.Build.0 = Debug|Any CPU
		{113D3136-9651-489C-9B02-608C742816F4}.Release|Any CPU.ActiveCfg = Release|Any CPU
		{113D3136-9651-489C-9B02-608C742816F4}.Release|Any CPU.Build.0 = Release|Any CPU
		{113D3136-9651-489C-9B02-608C742816F4}.Release|x64.ActiveCfg = Release|Any CPU
		{113D3136-9651-489C-9B02-608C742816F4}.Release|x64.Build.0 = Release|Any CPU
		{113D3136-9651-489C-9B02-608C742816F4}.Release|x86.ActiveCfg = Release|Any CPU
		{113D3136-9651-489C-9B02-608C742816F4}.Release|x86.Build.0 = Release|Any CPU
		{3F7A8C06-9933-455F-8D69-B809C5AB06BB}.Debug|Any CPU.ActiveCfg = Debug|Any CPU
		{3F7A8C06-9933-455F-8D69-B809C5AB06BB}.Debug|Any CPU.Build.0 = Debug|Any CPU
		{3F7A8C06-9933-455F-8D69-B809C5AB06BB}.Debug|x64.ActiveCfg = Debug|Any CPU
		{3F7A8C06-9933-455F-8D69-B809C5AB06BB}.Debug|x64.Build.0 = Debug|Any CPU
		{3F7A8C06-9933-455F-8D69-B809C5AB06BB}.Debug|x86.ActiveCfg = Debug|Any CPU
		{3F7A8C06-9933-455F-8D69-B809C5AB06BB}.Debug|x86.Build.0 = Debug|Any CPU
		{3F7A8C06-9933-455F-8D69-B809C5AB06BB}.Release|Any CPU.ActiveCfg = Release|Any CPU
		{3F7A8C06-9933-455F-8D69-B809C5AB06BB}.Release|Any CPU.Build.0 = Release|Any CPU
		{3F7A8C06-9933-455F-8D69-B809C5AB06BB}.Release|x64.ActiveCfg = Release|Any CPU
		{3F7A8C06-9933-455F-8D69-B809C5AB06BB}.Release|x64.Build.0 = Release|Any CPU
		{3F7A8C06-9933-455F-8D69-B809C5AB06BB}.Release|x86.ActiveCfg = Release|Any CPU
		{3F7A8C06-9933-455F-8D69-B809C5AB06BB}.Release|x86.Build.0 = Release|Any CPU
	EndGlobalSection
	GlobalSection(SolutionProperties) = preSolution
		HideSolutionNode = FALSE
	EndGlobalSection
	GlobalSection(NestedProjects) = preSolution
		{F45D0CFF-4F97-9FA9-FCF0-E02E04652613} = {827E0CD3-B72D-47B6-A68D-7590B98EB39B}
		{A6AFE4A2-B47E-2324-B196-9E7EEBF11DB1} = {F45D0CFF-4F97-9FA9-FCF0-E02E04652613}
		{285C1E17-BFD6-5CE9-2790-3FFE4D3DE6C7} = {A6AFE4A2-B47E-2324-B196-9E7EEBF11DB1}
		{45F5F137-07AA-4EEE-9A89-C7FD7F492A13} = {285C1E17-BFD6-5CE9-2790-3FFE4D3DE6C7}
		{DAD31432-5B30-4A54-ADF6-C4671430CE6F} = {285C1E17-BFD6-5CE9-2790-3FFE4D3DE6C7}
		{01E5815A-1EC2-47C1-B4C5-1BEF134A78B2} = {285C1E17-BFD6-5CE9-2790-3FFE4D3DE6C7}
		{AF00121C-18B0-4DEF-97FC-925264057ED7} = {285C1E17-BFD6-5CE9-2790-3FFE4D3DE6C7}
		{ADEBB84D-3C6F-46B8-8F00-55739C3EA908} = {285C1E17-BFD6-5CE9-2790-3FFE4D3DE6C7}
		{504AC104-2CE5-EB5F-9A39-423AD025698F} = {A6AFE4A2-B47E-2324-B196-9E7EEBF11DB1}
		{A980D514-A94D-4E6A-B4D2-50533D2EA18F} = {504AC104-2CE5-EB5F-9A39-423AD025698F}
		{275AF9B6-1CBC-D6FC-896D-84FAC197FCF9} = {F45D0CFF-4F97-9FA9-FCF0-E02E04652613}
		{1FF34D1B-D4A1-4289-A433-ACA7179CA132} = {504AC104-2CE5-EB5F-9A39-423AD025698F}
		{69968E07-FB1A-406F-B7C1-EEE64C3D900C} = {504AC104-2CE5-EB5F-9A39-423AD025698F}
		{55EA3727-9A74-49DF-8F9B-60A91EB86BC6} = {504AC104-2CE5-EB5F-9A39-423AD025698F}
		{7A074015-18EF-4B9F-AB59-D7D5716F1480} = {504AC104-2CE5-EB5F-9A39-423AD025698F}
		{CBA1287E-9F1B-AAD1-22BD-FA6BE327F9FC} = {A6AFE4A2-B47E-2324-B196-9E7EEBF11DB1}
		{31B2E45D-C172-46BE-BDEE-6986036521D1} = {CBA1287E-9F1B-AAD1-22BD-FA6BE327F9FC}
		{07C5C0C0-46AA-46A9-86F3-5276D34A0E86} = {CBA1287E-9F1B-AAD1-22BD-FA6BE327F9FC}
		{9F9F9970-30E3-46A5-A1CC-D775AA974C75} = {CBA1287E-9F1B-AAD1-22BD-FA6BE327F9FC}
		{CF4E2EC8-96E5-E1C1-A833-F2C690BC4B53} = {A6AFE4A2-B47E-2324-B196-9E7EEBF11DB1}
		{81FA6142-1D70-26DE-4445-CE70B60580B7} = {A6AFE4A2-B47E-2324-B196-9E7EEBF11DB1}
		{519477FD-1EFC-4E4C-95E6-16D00F29E8B3} = {CBA1287E-9F1B-AAD1-22BD-FA6BE327F9FC}
		{D8FDD4F8-79D0-49A2-BC87-80DD8ED09826} = {CBA1287E-9F1B-AAD1-22BD-FA6BE327F9FC}
		{6F157C5F-35AC-5C31-96C8-F606FE2341CF} = {A6AFE4A2-B47E-2324-B196-9E7EEBF11DB1}
		{61F33391-C2F7-4ABC-8DE7-25D106CDDD69} = {6F157C5F-35AC-5C31-96C8-F606FE2341CF}
		{002A963F-367C-4D13-A6B9-BB1ACBCE3C9E} = {6F157C5F-35AC-5C31-96C8-F606FE2341CF}
		{3E30F16B-896F-4007-B41E-BCBE013B1031} = {6F157C5F-35AC-5C31-96C8-F606FE2341CF}
		{CB511509-E167-41A9-A34E-CFBC7A0A5934} = {6F157C5F-35AC-5C31-96C8-F606FE2341CF}
		{AECB4130-A843-42A2-B4D3-89227E296F46} = {6F157C5F-35AC-5C31-96C8-F606FE2341CF}
		{2EDC44A6-189B-5954-5D4A-679E99E1C0A0} = {A6AFE4A2-B47E-2324-B196-9E7EEBF11DB1}
		{18D51E45-E83D-4138-834C-FB3D8BF98433} = {2EDC44A6-189B-5954-5D4A-679E99E1C0A0}
		{99128D02-1395-441F-A2B0-7E61244847B5} = {2EDC44A6-189B-5954-5D4A-679E99E1C0A0}
		{D04B09E5-126C-4158-A7CD-8A56DF1B6C18} = {2EDC44A6-189B-5954-5D4A-679E99E1C0A0}
		{33D88EC9-2F87-46DF-B005-337566654B66} = {2EDC44A6-189B-5954-5D4A-679E99E1C0A0}
		{B279B14D-3179-420A-A03F-890F82B0EC05} = {2EDC44A6-189B-5954-5D4A-679E99E1C0A0}
		{B2828CBE-B650-5260-A690-84C23C3DAA50} = {A6AFE4A2-B47E-2324-B196-9E7EEBF11DB1}
		{5F85287A-7D17-4FD4-AE4B-C5AAC7A95A76} = {B2828CBE-B650-5260-A690-84C23C3DAA50}
		{7F56545A-121E-4536-ABFF-0A2E58172BF3} = {B2828CBE-B650-5260-A690-84C23C3DAA50}
		{CE2E25C3-1EC3-4973-8461-1F3FA2DF0ED5} = {B2828CBE-B650-5260-A690-84C23C3DAA50}
		{113D3136-9651-489C-9B02-608C742816F4} = {B2828CBE-B650-5260-A690-84C23C3DAA50}
		{3F7A8C06-9933-455F-8D69-B809C5AB06BB} = {B2828CBE-B650-5260-A690-84C23C3DAA50}
	EndGlobalSection
EndGlobal
